// !$*UTF8*$!
{
	archiveVersion = 1;
	classes = {
	};
	objectVersion = 56;
	objects = {

/* Begin PBXBuildFile section */
		4B8E87D42CE05C40004E7461 /* CurrentInput.swift in Sources */ = {isa = PBXBuildFile; fileRef = 4B8E87D32CE05C3F004E7461 /* CurrentInput.swift */; };
		4B8E87D62CE05D0C004E7461 /* Key.swift in Sources */ = {isa = PBXBuildFile; fileRef = 4B8E87D52CE05D0A004E7461 /* Key.swift */; };
		4B8E87D82CE068A0004E7461 /* CurrentInputTests.swift in Sources */ = {isa = PBXBuildFile; fileRef = 4B8E87D72CE0689D004E7461 /* CurrentInputTests.swift */; };
		CE0326A02C5D1DD6000FF691 /* SKK-JISYO.test.json in Resources */ = {isa = PBXBuildFile; fileRef = CE03269F2C5D1DD6000FF691 /* SKK-JISYO.test.json */; };
		CE06CA2B2AAC171B00E80E5E /* FileDictTests.swift in Sources */ = {isa = PBXBuildFile; fileRef = CE06CA292AAC171B00E80E5E /* FileDictTests.swift */; };
		CE06CA2D2AAC172F00E80E5E /* empty.txt in Resources */ = {isa = PBXBuildFile; fileRef = CE06CA2C2AAC172F00E80E5E /* empty.txt */; };
		CE06CA342AAC199500E80E5E /* UserDict+Utilities.swift in Sources */ = {isa = PBXBuildFile; fileRef = CE06CA332AAC199500E80E5E /* UserDict+Utilities.swift */; };
		CE118EE52CE0B4DE00A7C300 /* KeyTests.swift in Sources */ = {isa = PBXBuildFile; fileRef = CE118EE42CE0B4DB00A7C300 /* KeyTests.swift */; };
		CE11C7B52BDD461C00A35F3D /* Global.swift in Sources */ = {isa = PBXBuildFile; fileRef = CE11C7B42BDD461C00A35F3D /* Global.swift */; };
		CE11C7BD2BE47D5D00A35F3D /* KeyBindingView.swift in Sources */ = {isa = PBXBuildFile; fileRef = CE11C7BC2BE47D5D00A35F3D /* KeyBindingView.swift */; };
		CE11C7BF2BE47D9800A35F3D /* KeyBinding.swift in Sources */ = {isa = PBXBuildFile; fileRef = CE11C7BE2BE47D9800A35F3D /* KeyBinding.swift */; };
		CE1A01492C5931D60034FA7D /* katakana.tiff in Resources */ = {isa = PBXBuildFile; fileRef = CE1A01442C5931CD0034FA7D /* katakana.tiff */; };
		CE1A014A2C5931D60034FA7D /* direct.tiff in Resources */ = {isa = PBXBuildFile; fileRef = CE1A01452C5931CF0034FA7D /* direct.tiff */; };
		CE1A014B2C5931D60034FA7D /* hankaku.tiff in Resources */ = {isa = PBXBuildFile; fileRef = CE1A01462C5931D10034FA7D /* hankaku.tiff */; };
		CE1A014C2C5931D60034FA7D /* eisu.tiff in Resources */ = {isa = PBXBuildFile; fileRef = CE1A01472C5931D40034FA7D /* eisu.tiff */; };
		CE1A014D2C5931D60034FA7D /* hiragana.tiff in Resources */ = {isa = PBXBuildFile; fileRef = CE1A01482C5931D60034FA7D /* hiragana.tiff */; };
		CE1B00552BA3DDEB00C830FD /* SKKServDict.swift in Sources */ = {isa = PBXBuildFile; fileRef = CE1B00542BA3DDEB00C830FD /* SKKServDict.swift */; };
		CE1B00622BA4286800C830FD /* Message+SKKServ.swift in Sources */ = {isa = PBXBuildFile; fileRef = CE1B00612BA4286800C830FD /* Message+SKKServ.swift */; };
		CE1B00642BA4287C00C830FD /* SKKServRequest.swift in Sources */ = {isa = PBXBuildFile; fileRef = CE1B00632BA4287C00C830FD /* SKKServRequest.swift */; };
		CE1B00662BA4288F00C830FD /* SKKServProtocol.swift in Sources */ = {isa = PBXBuildFile; fileRef = CE1B00652BA4288F00C830FD /* SKKServProtocol.swift */; };
		CE1B00682BA428AE00C830FD /* NWParameters+SKKServ.swift in Sources */ = {isa = PBXBuildFile; fileRef = CE1B00672BA428AE00C830FD /* NWParameters+SKKServ.swift */; };
		CE1B006A2BA5490E00C830FD /* SKKServDictView.swift in Sources */ = {isa = PBXBuildFile; fileRef = CE1B00692BA5490E00C830FD /* SKKServDictView.swift */; };
		CE1B006C2BA54D9800C830FD /* SKKServService.swift in Sources */ = {isa = PBXBuildFile; fileRef = CE1B006B2BA54D9800C830FD /* SKKServService.swift */; };
		CE1B006D2BA54DE400C830FD /* SKKServClientProtocol.swift in Sources */ = {isa = PBXBuildFile; fileRef = CEF3D8752B9EF0C000BD1D3A /* SKKServClientProtocol.swift */; };
		CE2157662B2EA985006E4C41 /* UserDefaultsKeys.swift in Sources */ = {isa = PBXBuildFile; fileRef = CE2157652B2EA985006E4C41 /* UserDefaultsKeys.swift */; };
		CE2F3B132C030C9A00CE342B /* KeyBindingTests.swift in Sources */ = {isa = PBXBuildFile; fileRef = CE2F3B122C030C9A00CE342B /* KeyBindingTests.swift */; };
		CE313A1F2AF5213700A49142 /* Candidate.swift in Sources */ = {isa = PBXBuildFile; fileRef = CE313A1E2AF5213700A49142 /* Candidate.swift */; };
		CE39DB212A8DFD8F00BC619F /* MarkedText.swift in Sources */ = {isa = PBXBuildFile; fileRef = CE39DB202A8DFD8F00BC619F /* MarkedText.swift */; };
		CE39FA952BEB942B00E293F0 /* Character+KeyCode.swift in Sources */ = {isa = PBXBuildFile; fileRef = CE39FA942BEB942B00E293F0 /* Character+KeyCode.swift */; };
		CE39FA972BF0813E00E293F0 /* KeyBindingSet.swift in Sources */ = {isa = PBXBuildFile; fileRef = CE39FA962BF0813E00E293F0 /* KeyBindingSet.swift */; };
		CE3E44A52B4ED2D700105798 /* utf8-bom.txt in Resources */ = {isa = PBXBuildFile; fileRef = CE3E44A42B4ED2D700105798 /* utf8-bom.txt */; };
		CE3E44A72B52AFB400105798 /* kana-rule.conf in Resources */ = {isa = PBXBuildFile; fileRef = CE3E44A62B52AFB400105798 /* kana-rule.conf */; };
		CE3E44A92B52C89800105798 /* kana-rule-for-test.conf in Resources */ = {isa = PBXBuildFile; fileRef = CE3E44A82B52C89800105798 /* kana-rule-for-test.conf */; };
		CE3E44AB2B536F8300105798 /* kana-rule.conf in Resources */ = {isa = PBXBuildFile; fileRef = CE3E44A62B52AFB400105798 /* kana-rule.conf */; };
		CE3E44AD2B5391DB00105798 /* SettingsWatcher.swift in Sources */ = {isa = PBXBuildFile; fileRef = CE3E44AC2B5391DB00105798 /* SettingsWatcher.swift */; };
		CE40D9A12A6D0C2F00D44799 /* SystemDictView.swift in Sources */ = {isa = PBXBuildFile; fileRef = CE40D9A02A6D0C2F00D44799 /* SystemDictView.swift */; };
		CE40D9A32A6D0C3900D44799 /* SystemDict.swift in Sources */ = {isa = PBXBuildFile; fileRef = CE40D9A22A6D0C3900D44799 /* SystemDict.swift */; };
		CE485A882A8FA195008271EF /* Release+UNNotification.swift in Sources */ = {isa = PBXBuildFile; fileRef = CE485A872A8FA195008271EF /* Release+UNNotification.swift */; };
		CE485A8A2A8FA5C6008271EF /* UserNotificationDelegate.swift in Sources */ = {isa = PBXBuildFile; fileRef = CE485A892A8FA5C6008271EF /* UserNotificationDelegate.swift */; };
		CE496C8C2B43968A001C623C /* LogView.swift in Sources */ = {isa = PBXBuildFile; fileRef = CE496C8B2B43968A001C623C /* LogView.swift */; };
		CE496C912B440892001C623C /* URL+Additions.swift in Sources */ = {isa = PBXBuildFile; fileRef = CE496C902B440892001C623C /* URL+Additions.swift */; };
		CE496C932B440B9B001C623C /* euc-jis-2004.txt in Resources */ = {isa = PBXBuildFile; fileRef = CE496C922B440B9B001C623C /* euc-jis-2004.txt */; };
		CE496C952B440BBD001C623C /* Data+EucJis2004Tests.swift in Sources */ = {isa = PBXBuildFile; fileRef = CE496C942B440BBD001C623C /* Data+EucJis2004Tests.swift */; };
		CE496C982B440CDA001C623C /* libiconv.tbd in Frameworks */ = {isa = PBXBuildFile; fileRef = CE496C972B440CCA001C623C /* libiconv.tbd */; };
		CE49A2782C19E07800D53CFE /* KeyBindingSetTests.swift in Sources */ = {isa = PBXBuildFile; fileRef = CE49A2772C19E07800D53CFE /* KeyBindingSetTests.swift */; };
		CE49A27A2C245F6400D53CFE /* KeyBindingSetView.swift in Sources */ = {isa = PBXBuildFile; fileRef = CE49A2792C245F6400D53CFE /* KeyBindingSetView.swift */; };
		CE49A27C2C26F61700D53CFE /* KeyBindingInputsView.swift in Sources */ = {isa = PBXBuildFile; fileRef = CE49A27B2C26F61700D53CFE /* KeyBindingInputsView.swift */; };
		CE4CB5CC2AD557D90046FA34 /* NumberEntry.swift in Sources */ = {isa = PBXBuildFile; fileRef = CE4CB5CB2AD557D90046FA34 /* NumberEntry.swift */; };
		CE4CB5CE2AD55DF90046FA34 /* NumberEntryTests.swift in Sources */ = {isa = PBXBuildFile; fileRef = CE4CB5CD2AD55DF90046FA34 /* NumberEntryTests.swift */; };
		CE5EB6AD2AAC0DE000389B98 /* FileDict.swift in Sources */ = {isa = PBXBuildFile; fileRef = CE5EB6AC2AAC0DE000389B98 /* FileDict.swift */; };
		CE5EB6AF2AAC0DEB00389B98 /* MemoryDict.swift in Sources */ = {isa = PBXBuildFile; fileRef = CE5EB6AE2AAC0DEB00389B98 /* MemoryDict.swift */; };
		CE5ECF362957034B00E7BE7D /* macSKKApp.swift in Sources */ = {isa = PBXBuildFile; fileRef = CE5ECF352957034B00E7BE7D /* macSKKApp.swift */; };
		CE5ECF3A2957034D00E7BE7D /* Assets.xcassets in Resources */ = {isa = PBXBuildFile; fileRef = CE5ECF392957034D00E7BE7D /* Assets.xcassets */; };
		CE5ECF3D2957034D00E7BE7D /* Preview Assets.xcassets in Resources */ = {isa = PBXBuildFile; fileRef = CE5ECF3C2957034D00E7BE7D /* Preview Assets.xcassets */; };
		CE5ECF642957077D00E7BE7D /* InfoPlist.strings in Resources */ = {isa = PBXBuildFile; fileRef = CE5ECF632957077D00E7BE7D /* InfoPlist.strings */; };
		CE6599DC2ADBF2630052F8C0 /* SettingsWindow.swift in Sources */ = {isa = PBXBuildFile; fileRef = CE6599DB2ADBF2630052F8C0 /* SettingsWindow.swift */; };
		CE6BBCC02BCB6B57003BB47F /* Data+EucJis2004.swift in Sources */ = {isa = PBXBuildFile; fileRef = CED987402BB953E7001B40F9 /* Data+EucJis2004.swift */; };
		CE6BBCC12BCD6721003BB47F /* libiconv.tbd in Frameworks */ = {isa = PBXBuildFile; fileRef = CE496C972B440CCA001C623C /* libiconv.tbd */; };
		CE6DBA8D2A845CE400F5A227 /* Release.swift in Sources */ = {isa = PBXBuildFile; fileRef = CE6DBA8C2A845CE400F5A227 /* Release.swift */; };
		CE6DBA8F2A845E8B00F5A227 /* ReleaseVersion.swift in Sources */ = {isa = PBXBuildFile; fileRef = CE6DBA8E2A845E8B00F5A227 /* ReleaseVersion.swift */; };
		CE6DBA912A846C1700F5A227 /* ReleaseVersionTests.swift in Sources */ = {isa = PBXBuildFile; fileRef = CE6DBA902A846C1700F5A227 /* ReleaseVersionTests.swift */; };
		CE6DBAB02A85AA1200F5A227 /* LatestReleaseFetcher.swift in Sources */ = {isa = PBXBuildFile; fileRef = CE6DBAAF2A85AA1200F5A227 /* LatestReleaseFetcher.swift */; };
		CE6DBAC42A85BF3E00F5A227 /* Localizable.strings in Resources */ = {isa = PBXBuildFile; fileRef = CE6DBAC62A85BF3E00F5A227 /* Localizable.strings */; };
		CE6DBACD2A864A3B00F5A227 /* DictionariesView.swift in Sources */ = {isa = PBXBuildFile; fileRef = CE6DBACC2A864A3B00F5A227 /* DictionariesView.swift */; };
		CE6DBACF2A8663E600F5A227 /* SKK-JISYO.sample.utf-8 in Resources */ = {isa = PBXBuildFile; fileRef = CE6DBACE2A8663E600F5A227 /* SKK-JISYO.sample.utf-8 */; };
		CE7F9AD92AADEBF9001B1877 /* AppDelegate.swift in Sources */ = {isa = PBXBuildFile; fileRef = CE7F9AD82AADEBF9001B1877 /* AppDelegate.swift */; };
		CE7F9ADC2AB53E53001B1877 /* CompletionView.swift in Sources */ = {isa = PBXBuildFile; fileRef = CE7F9ADB2AB53E53001B1877 /* CompletionView.swift */; };
		CE84A3B929570C37009394C4 /* InputController.swift in Sources */ = {isa = PBXBuildFile; fileRef = CE84A3B829570C37009394C4 /* InputController.swift */; };
		CE84A3DC2957174D009394C4 /* State.swift in Sources */ = {isa = PBXBuildFile; fileRef = CE84A3DB2957174D009394C4 /* State.swift */; };
		CE84A3DE29571797009394C4 /* Action.swift in Sources */ = {isa = PBXBuildFile; fileRef = CE84A3DD29571797009394C4 /* Action.swift */; };
		CE84A3E0295717CB009394C4 /* StateMachine.swift in Sources */ = {isa = PBXBuildFile; fileRef = CE84A3DF295717CB009394C4 /* StateMachine.swift */; };
		CE84A3E7295DA4DA009394C4 /* Romaji.swift in Sources */ = {isa = PBXBuildFile; fileRef = CE84A3E6295DA4DA009394C4 /* Romaji.swift */; };
		CE84A3E9295DA504009394C4 /* RomajiTests.swift in Sources */ = {isa = PBXBuildFile; fileRef = CE84A3E8295DA504009394C4 /* RomajiTests.swift */; };
		CE84A3EB295DA715009394C4 /* Dict.swift in Sources */ = {isa = PBXBuildFile; fileRef = CE84A3EA295DA715009394C4 /* Dict.swift */; };
		CE84A3ED295DA818009394C4 /* MemoryDictTests.swift in Sources */ = {isa = PBXBuildFile; fileRef = CE84A3EC295DA818009394C4 /* MemoryDictTests.swift */; };
		CE8DFE092CBEAA2900A24230 /* Character+AdditionsTests.swift in Sources */ = {isa = PBXBuildFile; fileRef = CE8DFE082CBEAA1F00A24230 /* Character+AdditionsTests.swift */; };
		CE97887B2A9B93EB00F9B196 /* DirectModeView.swift in Sources */ = {isa = PBXBuildFile; fileRef = CE97887A2A9B93EB00F9B196 /* DirectModeView.swift */; };
		CEA78FAA295EBCAC00B67E25 /* StateMachineTests.swift in Sources */ = {isa = PBXBuildFile; fileRef = CEA78FA9295EBCAC00B67E25 /* StateMachineTests.swift */; };
		CEA78FAC2960401F00B67E25 /* String+Transform.swift in Sources */ = {isa = PBXBuildFile; fileRef = CEA78FAB2960401F00B67E25 /* String+Transform.swift */; };
		CEA78FAE2961BA1D00B67E25 /* String+TransformTests.swift in Sources */ = {isa = PBXBuildFile; fileRef = CEA78FAD2961BA1D00B67E25 /* String+TransformTests.swift */; };
		CEA78FB02964209B00B67E25 /* UserDict.swift in Sources */ = {isa = PBXBuildFile; fileRef = CEA78FAF2964209B00B67E25 /* UserDict.swift */; };
		CEA78FB229646CA100B67E25 /* UserDictTests.swift in Sources */ = {isa = PBXBuildFile; fileRef = CEA78FB129646CA100B67E25 /* UserDictTests.swift */; };
		CEADA44B2B025A0F0026E2BD /* Entry.swift in Sources */ = {isa = PBXBuildFile; fileRef = CEADA44A2B025A0F0026E2BD /* Entry.swift */; };
		CEADA44D2B025A8A0026E2BD /* EntryTests.swift in Sources */ = {isa = PBXBuildFile; fileRef = CEADA44C2B025A8A0026E2BD /* EntryTests.swift */; };
		CEADA44F2B1357090026E2BD /* GeneralView.swift in Sources */ = {isa = PBXBuildFile; fileRef = CEADA44E2B1357090026E2BD /* GeneralView.swift */; };
		CEADA4512B1358D40026E2BD /* InputSource.swift in Sources */ = {isa = PBXBuildFile; fileRef = CEADA4502B1358D40026E2BD /* InputSource.swift */; };
		CEB0888C2A7F342000EFD1E3 /* Credits.rtf in Resources */ = {isa = PBXBuildFile; fileRef = CEB0888B2A7F342000EFD1E3 /* Credits.rtf */; };
		CEB0888E2A7F393600EFD1E3 /* AnnotationView.swift in Sources */ = {isa = PBXBuildFile; fileRef = CEB0888D2A7F393600EFD1E3 /* AnnotationView.swift */; };
		CEB088902A7F73B400EFD1E3 /* Pasteboard.swift in Sources */ = {isa = PBXBuildFile; fileRef = CEB0888F2A7F73B400EFD1E3 /* Pasteboard.swift */; };
		CEB141702A8773DB005E7252 /* SKK-JISYO.test.utf8 in Resources */ = {isa = PBXBuildFile; fileRef = CEB1416F2A8773DB005E7252 /* SKK-JISYO.test.utf8 */; };
		CEB141722A87D16C005E7252 /* DictionaryView.swift in Sources */ = {isa = PBXBuildFile; fileRef = CEB141712A87D16C005E7252 /* DictionaryView.swift */; };
		CEC061C82ABB0A0100A11614 /* CompletionPanel.swift in Sources */ = {isa = PBXBuildFile; fileRef = CEC061C72ABB0A0100A11614 /* CompletionPanel.swift */; };
		CEC061CA2ABB0A7900A11614 /* CompletionViewModel.swift in Sources */ = {isa = PBXBuildFile; fileRef = CEC061C92ABB0A7900A11614 /* CompletionViewModel.swift */; };
		CEC376E82965199500D9C432 /* SettingsView.swift in Sources */ = {isa = PBXBuildFile; fileRef = CEC376E72965199500D9C432 /* SettingsView.swift */; };
		CEC376EB2965211200D9C432 /* KeyEventView.swift in Sources */ = {isa = PBXBuildFile; fileRef = CEC376EA2965211200D9C432 /* KeyEventView.swift */; };
		CED0984D2B779E4700F2E844 /* UNNotifier.swift in Sources */ = {isa = PBXBuildFile; fileRef = CED0984C2B779E4700F2E844 /* UNNotifier.swift */; };
		CED098512B95F32600F2E844 /* WorkaroundView.swift in Sources */ = {isa = PBXBuildFile; fileRef = CED098502B95F32600F2E844 /* WorkaroundView.swift */; };
		CED1CA1E2BAFBE0600C32AE3 /* SKKServDictTests.swift in Sources */ = {isa = PBXBuildFile; fileRef = CED1CA1D2BAFBE0600C32AE3 /* SKKServDictTests.swift */; };
		CED7CA2C2A8394F7004EF988 /* FetchUpdateServiceProtocol.swift in Sources */ = {isa = PBXBuildFile; fileRef = CED7CA2B2A8394F7004EF988 /* FetchUpdateServiceProtocol.swift */; };
		CED7CA2E2A8394F7004EF988 /* FetchUpdateService.swift in Sources */ = {isa = PBXBuildFile; fileRef = CED7CA2D2A8394F7004EF988 /* FetchUpdateService.swift */; };
		CED7CA302A8394F7004EF988 /* main.swift in Sources */ = {isa = PBXBuildFile; fileRef = CED7CA2F2A8394F7004EF988 /* main.swift */; };
		CED7CA352A8394F7004EF988 /* FetchUpdateService.xpc in Embed XPC Services */ = {isa = PBXBuildFile; fileRef = CED7CA292A8394F7004EF988 /* FetchUpdateService.xpc */; settings = {ATTRIBUTES = (RemoveHeadersOnCopy, ); }; };
		CED7CA3A2A839505004EF988 /* FetchUpdateServiceProtocol.swift in Sources */ = {isa = PBXBuildFile; fileRef = CED7CA2B2A8394F7004EF988 /* FetchUpdateServiceProtocol.swift */; };
		CED7CA3C2A839603004EF988 /* UpdateChecker.swift in Sources */ = {isa = PBXBuildFile; fileRef = CED7CA3B2A839603004EF988 /* UpdateChecker.swift */; };
		CED7CA3E2A8397E4004EF988 /* UpdateCheckerTests.swift in Sources */ = {isa = PBXBuildFile; fileRef = CED7CA3D2A8397E4004EF988 /* UpdateCheckerTests.swift */; };
		CED7CA592A83CD67004EF988 /* releases.atom in Resources */ = {isa = PBXBuildFile; fileRef = CED7CA582A83CD67004EF988 /* releases.atom */; };
		CED7CA5B2A83DE7F004EF988 /* SettingsViewModel.swift in Sources */ = {isa = PBXBuildFile; fileRef = CED7CA5A2A83DE7F004EF988 /* SettingsViewModel.swift */; };
		CED7F51F2AB5F4A7007FC6BD /* Character+Additions.swift in Sources */ = {isa = PBXBuildFile; fileRef = CED7F51E2AB5F4A7007FC6BD /* Character+Additions.swift */; };
		CED987412BB953E7001B40F9 /* Data+EucJis2004.swift in Sources */ = {isa = PBXBuildFile; fileRef = CED987402BB953E7001B40F9 /* Data+EucJis2004.swift */; };
		CEE2D9772A99FE1B00A4CD76 /* Word.swift in Sources */ = {isa = PBXBuildFile; fileRef = CEE2D9762A99FE1B00A4CD76 /* Word.swift */; };
		CEE2D9792A99FEC700A4CD76 /* CandidateTest.swift in Sources */ = {isa = PBXBuildFile; fileRef = CEE2D9782A99FEC700A4CD76 /* CandidateTest.swift */; };
		CEE3717529653112000DB2C3 /* SoftwareUpdateView.swift in Sources */ = {isa = PBXBuildFile; fileRef = CEE3717429653112000DB2C3 /* SoftwareUpdateView.swift */; };
		CEF03F7F2C69AA8F009B05B2 /* SKK-JISYO.broken.json in Resources */ = {isa = PBXBuildFile; fileRef = CEF03F7E2C69AA8F009B05B2 /* SKK-JISYO.broken.json */; };
		CEF0823629685C0800646366 /* StateTests.swift in Sources */ = {isa = PBXBuildFile; fileRef = CEF0823529685C0800646366 /* StateTests.swift */; };
		CEF0823A296BCDB000646366 /* InputModePanel.swift in Sources */ = {isa = PBXBuildFile; fileRef = CEF08239296BCDB000646366 /* InputModePanel.swift */; };
		CEF08257296D8CBD00646366 /* CandidatesPanel.swift in Sources */ = {isa = PBXBuildFile; fileRef = CEF08256296D8CBD00646366 /* CandidatesPanel.swift */; };
		CEF0825B296D8FF000646366 /* CandidatesView.swift in Sources */ = {isa = PBXBuildFile; fileRef = CEF0825A296D8FF000646366 /* CandidatesView.swift */; };
		CEF0825D296DB58600646366 /* CandidatesViewModel.swift in Sources */ = {isa = PBXBuildFile; fileRef = CEF0825C296DB58600646366 /* CandidatesViewModel.swift */; };
		CEF3D86C2B9C022900BD1D3A /* WorkaroundApplicationView.swift in Sources */ = {isa = PBXBuildFile; fileRef = CEF3D86B2B9C022900BD1D3A /* WorkaroundApplicationView.swift */; };
		CEF3D8742B9EF0C000BD1D3A /* SKKServClient.swift in Sources */ = {isa = PBXBuildFile; fileRef = CEF3D8732B9EF0C000BD1D3A /* SKKServClient.swift */; };
		CEF3D8782B9EF0C000BD1D3A /* main.swift in Sources */ = {isa = PBXBuildFile; fileRef = CEF3D8772B9EF0C000BD1D3A /* main.swift */; };
		CEF3D87D2B9EF0C000BD1D3A /* SKKServClient.xpc in Embed XPC Services */ = {isa = PBXBuildFile; fileRef = CEF3D8712B9EF0C000BD1D3A /* SKKServClient.xpc */; settings = {ATTRIBUTES = (RemoveHeadersOnCopy, ); }; };
		CEF3D8822B9EF19100BD1D3A /* SKKServClientProtocol.swift in Sources */ = {isa = PBXBuildFile; fileRef = CEF3D8752B9EF0C000BD1D3A /* SKKServClientProtocol.swift */; };
/* End PBXBuildFile section */

/* Begin PBXContainerItemProxy section */
		CE5ECF442957034D00E7BE7D /* PBXContainerItemProxy */ = {
			isa = PBXContainerItemProxy;
			containerPortal = CE5ECF2A2957034B00E7BE7D /* Project object */;
			proxyType = 1;
			remoteGlobalIDString = CE5ECF312957034B00E7BE7D;
			remoteInfo = macSKK;
		};
		CED7CA332A8394F7004EF988 /* PBXContainerItemProxy */ = {
			isa = PBXContainerItemProxy;
			containerPortal = CE5ECF2A2957034B00E7BE7D /* Project object */;
			proxyType = 1;
			remoteGlobalIDString = CED7CA282A8394F7004EF988;
			remoteInfo = FetchUpdateService;
		};
		CEF3D87B2B9EF0C000BD1D3A /* PBXContainerItemProxy */ = {
			isa = PBXContainerItemProxy;
			containerPortal = CE5ECF2A2957034B00E7BE7D /* Project object */;
			proxyType = 1;
			remoteGlobalIDString = CEF3D8702B9EF0C000BD1D3A;
			remoteInfo = SKKServClient;
		};
/* End PBXContainerItemProxy section */

/* Begin PBXCopyFilesBuildPhase section */
		CED7CA392A8394F7004EF988 /* Embed XPC Services */ = {
			isa = PBXCopyFilesBuildPhase;
			buildActionMask = 2147483647;
			dstPath = "$(CONTENTS_FOLDER_PATH)/XPCServices";
			dstSubfolderSpec = 16;
			files = (
				CEF3D87D2B9EF0C000BD1D3A /* SKKServClient.xpc in Embed XPC Services */,
				CED7CA352A8394F7004EF988 /* FetchUpdateService.xpc in Embed XPC Services */,
			);
			name = "Embed XPC Services";
			runOnlyForDeploymentPostprocessing = 0;
		};
/* End PBXCopyFilesBuildPhase section */

/* Begin PBXFileReference section */
		4B8E87D32CE05C3F004E7461 /* CurrentInput.swift */ = {isa = PBXFileReference; lastKnownFileType = sourcecode.swift; path = CurrentInput.swift; sourceTree = "<group>"; };
		4B8E87D52CE05D0A004E7461 /* Key.swift */ = {isa = PBXFileReference; lastKnownFileType = sourcecode.swift; path = Key.swift; sourceTree = "<group>"; };
		4B8E87D72CE0689D004E7461 /* CurrentInputTests.swift */ = {isa = PBXFileReference; lastKnownFileType = sourcecode.swift; path = CurrentInputTests.swift; sourceTree = "<group>"; };
		CE03269F2C5D1DD6000FF691 /* SKK-JISYO.test.json */ = {isa = PBXFileReference; lastKnownFileType = text.json; path = "SKK-JISYO.test.json"; sourceTree = "<group>"; };
		CE06CA292AAC171B00E80E5E /* FileDictTests.swift */ = {isa = PBXFileReference; fileEncoding = 4; lastKnownFileType = sourcecode.swift; path = FileDictTests.swift; sourceTree = "<group>"; };
		CE06CA2C2AAC172F00E80E5E /* empty.txt */ = {isa = PBXFileReference; fileEncoding = 4; lastKnownFileType = text; path = empty.txt; sourceTree = "<group>"; };
		CE06CA332AAC199500E80E5E /* UserDict+Utilities.swift */ = {isa = PBXFileReference; fileEncoding = 4; lastKnownFileType = sourcecode.swift; path = "UserDict+Utilities.swift"; sourceTree = "<group>"; };
		CE118EE42CE0B4DB00A7C300 /* KeyTests.swift */ = {isa = PBXFileReference; lastKnownFileType = sourcecode.swift; path = KeyTests.swift; sourceTree = "<group>"; };
		CE11C7B42BDD461C00A35F3D /* Global.swift */ = {isa = PBXFileReference; lastKnownFileType = sourcecode.swift; path = Global.swift; sourceTree = "<group>"; };
		CE11C7BC2BE47D5D00A35F3D /* KeyBindingView.swift */ = {isa = PBXFileReference; lastKnownFileType = sourcecode.swift; path = KeyBindingView.swift; sourceTree = "<group>"; };
		CE11C7BE2BE47D9800A35F3D /* KeyBinding.swift */ = {isa = PBXFileReference; lastKnownFileType = sourcecode.swift; path = KeyBinding.swift; sourceTree = "<group>"; };
		CE1A01442C5931CD0034FA7D /* katakana.tiff */ = {isa = PBXFileReference; lastKnownFileType = image.tiff; path = katakana.tiff; sourceTree = "<group>"; };
		CE1A01452C5931CF0034FA7D /* direct.tiff */ = {isa = PBXFileReference; lastKnownFileType = image.tiff; path = direct.tiff; sourceTree = "<group>"; };
		CE1A01462C5931D10034FA7D /* hankaku.tiff */ = {isa = PBXFileReference; lastKnownFileType = image.tiff; path = hankaku.tiff; sourceTree = "<group>"; };
		CE1A01472C5931D40034FA7D /* eisu.tiff */ = {isa = PBXFileReference; lastKnownFileType = image.tiff; path = eisu.tiff; sourceTree = "<group>"; };
		CE1A01482C5931D60034FA7D /* hiragana.tiff */ = {isa = PBXFileReference; lastKnownFileType = image.tiff; path = hiragana.tiff; sourceTree = "<group>"; };
		CE1B00542BA3DDEB00C830FD /* SKKServDict.swift */ = {isa = PBXFileReference; lastKnownFileType = sourcecode.swift; path = SKKServDict.swift; sourceTree = "<group>"; };
		CE1B00612BA4286800C830FD /* Message+SKKServ.swift */ = {isa = PBXFileReference; lastKnownFileType = sourcecode.swift; path = "Message+SKKServ.swift"; sourceTree = "<group>"; };
		CE1B00632BA4287C00C830FD /* SKKServRequest.swift */ = {isa = PBXFileReference; lastKnownFileType = sourcecode.swift; path = SKKServRequest.swift; sourceTree = "<group>"; };
		CE1B00652BA4288F00C830FD /* SKKServProtocol.swift */ = {isa = PBXFileReference; lastKnownFileType = sourcecode.swift; path = SKKServProtocol.swift; sourceTree = "<group>"; };
		CE1B00672BA428AE00C830FD /* NWParameters+SKKServ.swift */ = {isa = PBXFileReference; lastKnownFileType = sourcecode.swift; path = "NWParameters+SKKServ.swift"; sourceTree = "<group>"; };
		CE1B00692BA5490E00C830FD /* SKKServDictView.swift */ = {isa = PBXFileReference; lastKnownFileType = sourcecode.swift; path = SKKServDictView.swift; sourceTree = "<group>"; };
		CE1B006B2BA54D9800C830FD /* SKKServService.swift */ = {isa = PBXFileReference; lastKnownFileType = sourcecode.swift; path = SKKServService.swift; sourceTree = "<group>"; };
		CE2157652B2EA985006E4C41 /* UserDefaultsKeys.swift */ = {isa = PBXFileReference; lastKnownFileType = sourcecode.swift; path = UserDefaultsKeys.swift; sourceTree = "<group>"; };
		CE2F3B122C030C9A00CE342B /* KeyBindingTests.swift */ = {isa = PBXFileReference; lastKnownFileType = sourcecode.swift; path = KeyBindingTests.swift; sourceTree = "<group>"; };
		CE313A1E2AF5213700A49142 /* Candidate.swift */ = {isa = PBXFileReference; lastKnownFileType = sourcecode.swift; path = Candidate.swift; sourceTree = "<group>"; };
		CE39DB202A8DFD8F00BC619F /* MarkedText.swift */ = {isa = PBXFileReference; lastKnownFileType = sourcecode.swift; path = MarkedText.swift; sourceTree = "<group>"; };
		CE39FA942BEB942B00E293F0 /* Character+KeyCode.swift */ = {isa = PBXFileReference; lastKnownFileType = sourcecode.swift; path = "Character+KeyCode.swift"; sourceTree = "<group>"; };
		CE39FA962BF0813E00E293F0 /* KeyBindingSet.swift */ = {isa = PBXFileReference; lastKnownFileType = sourcecode.swift; path = KeyBindingSet.swift; sourceTree = "<group>"; };
		CE3E44A42B4ED2D700105798 /* utf8-bom.txt */ = {isa = PBXFileReference; fileEncoding = 4; lastKnownFileType = text; path = "utf8-bom.txt"; sourceTree = "<group>"; };
		CE3E44A62B52AFB400105798 /* kana-rule.conf */ = {isa = PBXFileReference; lastKnownFileType = text; path = "kana-rule.conf"; sourceTree = "<group>"; };
		CE3E44A82B52C89800105798 /* kana-rule-for-test.conf */ = {isa = PBXFileReference; lastKnownFileType = text; path = "kana-rule-for-test.conf"; sourceTree = "<group>"; };
		CE3E44AC2B5391DB00105798 /* SettingsWatcher.swift */ = {isa = PBXFileReference; lastKnownFileType = sourcecode.swift; path = SettingsWatcher.swift; sourceTree = "<group>"; };
		CE40D9A02A6D0C2F00D44799 /* SystemDictView.swift */ = {isa = PBXFileReference; lastKnownFileType = sourcecode.swift; path = SystemDictView.swift; sourceTree = "<group>"; };
		CE40D9A22A6D0C3900D44799 /* SystemDict.swift */ = {isa = PBXFileReference; lastKnownFileType = sourcecode.swift; path = SystemDict.swift; sourceTree = "<group>"; };
		CE485A872A8FA195008271EF /* Release+UNNotification.swift */ = {isa = PBXFileReference; lastKnownFileType = sourcecode.swift; path = "Release+UNNotification.swift"; sourceTree = "<group>"; };
		CE485A892A8FA5C6008271EF /* UserNotificationDelegate.swift */ = {isa = PBXFileReference; lastKnownFileType = sourcecode.swift; path = UserNotificationDelegate.swift; sourceTree = "<group>"; };
		CE496C8B2B43968A001C623C /* LogView.swift */ = {isa = PBXFileReference; lastKnownFileType = sourcecode.swift; path = LogView.swift; sourceTree = "<group>"; };
		CE496C902B440892001C623C /* URL+Additions.swift */ = {isa = PBXFileReference; lastKnownFileType = sourcecode.swift; path = "URL+Additions.swift"; sourceTree = "<group>"; };
		CE496C922B440B9B001C623C /* euc-jis-2004.txt */ = {isa = PBXFileReference; lastKnownFileType = text; path = "euc-jis-2004.txt"; sourceTree = "<group>"; };
		CE496C942B440BBD001C623C /* Data+EucJis2004Tests.swift */ = {isa = PBXFileReference; lastKnownFileType = sourcecode.swift; path = "Data+EucJis2004Tests.swift"; sourceTree = "<group>"; };
		CE496C972B440CCA001C623C /* libiconv.tbd */ = {isa = PBXFileReference; lastKnownFileType = "sourcecode.text-based-dylib-definition"; name = libiconv.tbd; path = usr/lib/libiconv.tbd; sourceTree = SDKROOT; };
		CE49A2772C19E07800D53CFE /* KeyBindingSetTests.swift */ = {isa = PBXFileReference; lastKnownFileType = sourcecode.swift; path = KeyBindingSetTests.swift; sourceTree = "<group>"; };
		CE49A2792C245F6400D53CFE /* KeyBindingSetView.swift */ = {isa = PBXFileReference; lastKnownFileType = sourcecode.swift; path = KeyBindingSetView.swift; sourceTree = "<group>"; };
		CE49A27B2C26F61700D53CFE /* KeyBindingInputsView.swift */ = {isa = PBXFileReference; lastKnownFileType = sourcecode.swift; path = KeyBindingInputsView.swift; sourceTree = "<group>"; };
		CE4CB5CB2AD557D90046FA34 /* NumberEntry.swift */ = {isa = PBXFileReference; lastKnownFileType = sourcecode.swift; path = NumberEntry.swift; sourceTree = "<group>"; };
		CE4CB5CD2AD55DF90046FA34 /* NumberEntryTests.swift */ = {isa = PBXFileReference; lastKnownFileType = sourcecode.swift; path = NumberEntryTests.swift; sourceTree = "<group>"; };
		CE5EB6AC2AAC0DE000389B98 /* FileDict.swift */ = {isa = PBXFileReference; lastKnownFileType = sourcecode.swift; path = FileDict.swift; sourceTree = "<group>"; };
		CE5EB6AE2AAC0DEB00389B98 /* MemoryDict.swift */ = {isa = PBXFileReference; lastKnownFileType = sourcecode.swift; path = MemoryDict.swift; sourceTree = "<group>"; };
		CE5ECF322957034B00E7BE7D /* macSKK.app */ = {isa = PBXFileReference; explicitFileType = wrapper.application; includeInIndex = 0; path = macSKK.app; sourceTree = BUILT_PRODUCTS_DIR; };
		CE5ECF352957034B00E7BE7D /* macSKKApp.swift */ = {isa = PBXFileReference; lastKnownFileType = sourcecode.swift; path = macSKKApp.swift; sourceTree = "<group>"; };
		CE5ECF392957034D00E7BE7D /* Assets.xcassets */ = {isa = PBXFileReference; lastKnownFileType = folder.assetcatalog; path = Assets.xcassets; sourceTree = "<group>"; };
		CE5ECF3C2957034D00E7BE7D /* Preview Assets.xcassets */ = {isa = PBXFileReference; lastKnownFileType = folder.assetcatalog; path = "Preview Assets.xcassets"; sourceTree = "<group>"; };
		CE5ECF3E2957034D00E7BE7D /* macSKK.entitlements */ = {isa = PBXFileReference; lastKnownFileType = text.plist.entitlements; path = macSKK.entitlements; sourceTree = "<group>"; };
		CE5ECF432957034D00E7BE7D /* macSKKTests.xctest */ = {isa = PBXFileReference; explicitFileType = wrapper.cfbundle; includeInIndex = 0; path = macSKKTests.xctest; sourceTree = BUILT_PRODUCTS_DIR; };
		CE5ECF612957061A00E7BE7D /* Info.plist */ = {isa = PBXFileReference; lastKnownFileType = text.plist.xml; path = Info.plist; sourceTree = "<group>"; };
		CE5ECF632957077D00E7BE7D /* InfoPlist.strings */ = {isa = PBXFileReference; lastKnownFileType = text.plist.strings; path = InfoPlist.strings; sourceTree = "<group>"; };
		CE6599DB2ADBF2630052F8C0 /* SettingsWindow.swift */ = {isa = PBXFileReference; lastKnownFileType = sourcecode.swift; path = SettingsWindow.swift; sourceTree = "<group>"; };
		CE6DBA8C2A845CE400F5A227 /* Release.swift */ = {isa = PBXFileReference; lastKnownFileType = sourcecode.swift; path = Release.swift; sourceTree = "<group>"; };
		CE6DBA8E2A845E8B00F5A227 /* ReleaseVersion.swift */ = {isa = PBXFileReference; lastKnownFileType = sourcecode.swift; path = ReleaseVersion.swift; sourceTree = "<group>"; };
		CE6DBA902A846C1700F5A227 /* ReleaseVersionTests.swift */ = {isa = PBXFileReference; lastKnownFileType = sourcecode.swift; path = ReleaseVersionTests.swift; sourceTree = "<group>"; };
		CE6DBAAF2A85AA1200F5A227 /* LatestReleaseFetcher.swift */ = {isa = PBXFileReference; lastKnownFileType = sourcecode.swift; path = LatestReleaseFetcher.swift; sourceTree = "<group>"; };
		CE6DBAC52A85BF3E00F5A227 /* en */ = {isa = PBXFileReference; lastKnownFileType = text.plist.strings; name = en; path = en.lproj/Localizable.strings; sourceTree = "<group>"; };
		CE6DBAC72A85BF6B00F5A227 /* ja */ = {isa = PBXFileReference; lastKnownFileType = text.plist.strings; name = ja; path = ja.lproj/Localizable.strings; sourceTree = "<group>"; };
		CE6DBACC2A864A3B00F5A227 /* DictionariesView.swift */ = {isa = PBXFileReference; lastKnownFileType = sourcecode.swift; path = DictionariesView.swift; sourceTree = "<group>"; };
		CE6DBACE2A8663E600F5A227 /* SKK-JISYO.sample.utf-8 */ = {isa = PBXFileReference; lastKnownFileType = text; path = "SKK-JISYO.sample.utf-8"; sourceTree = "<group>"; };
		CE7F9AD82AADEBF9001B1877 /* AppDelegate.swift */ = {isa = PBXFileReference; lastKnownFileType = sourcecode.swift; path = AppDelegate.swift; sourceTree = "<group>"; };
		CE7F9ADB2AB53E53001B1877 /* CompletionView.swift */ = {isa = PBXFileReference; lastKnownFileType = sourcecode.swift; path = CompletionView.swift; sourceTree = "<group>"; };
		CE84A3B829570C37009394C4 /* InputController.swift */ = {isa = PBXFileReference; lastKnownFileType = sourcecode.swift; path = InputController.swift; sourceTree = "<group>"; };
		CE84A3DB2957174D009394C4 /* State.swift */ = {isa = PBXFileReference; lastKnownFileType = sourcecode.swift; path = State.swift; sourceTree = "<group>"; };
		CE84A3DD29571797009394C4 /* Action.swift */ = {isa = PBXFileReference; lastKnownFileType = sourcecode.swift; path = Action.swift; sourceTree = "<group>"; };
		CE84A3DF295717CB009394C4 /* StateMachine.swift */ = {isa = PBXFileReference; lastKnownFileType = sourcecode.swift; path = StateMachine.swift; sourceTree = "<group>"; };
		CE84A3E6295DA4DA009394C4 /* Romaji.swift */ = {isa = PBXFileReference; lastKnownFileType = sourcecode.swift; path = Romaji.swift; sourceTree = "<group>"; };
		CE84A3E8295DA504009394C4 /* RomajiTests.swift */ = {isa = PBXFileReference; lastKnownFileType = sourcecode.swift; path = RomajiTests.swift; sourceTree = "<group>"; };
		CE84A3EA295DA715009394C4 /* Dict.swift */ = {isa = PBXFileReference; lastKnownFileType = sourcecode.swift; path = Dict.swift; sourceTree = "<group>"; };
		CE84A3EC295DA818009394C4 /* MemoryDictTests.swift */ = {isa = PBXFileReference; lastKnownFileType = sourcecode.swift; path = MemoryDictTests.swift; sourceTree = "<group>"; };
		CE8DFE082CBEAA1F00A24230 /* Character+AdditionsTests.swift */ = {isa = PBXFileReference; lastKnownFileType = sourcecode.swift; path = "Character+AdditionsTests.swift"; sourceTree = "<group>"; };
		CE97887A2A9B93EB00F9B196 /* DirectModeView.swift */ = {isa = PBXFileReference; lastKnownFileType = sourcecode.swift; path = DirectModeView.swift; sourceTree = "<group>"; };
		CEA78FA9295EBCAC00B67E25 /* StateMachineTests.swift */ = {isa = PBXFileReference; lastKnownFileType = sourcecode.swift; path = StateMachineTests.swift; sourceTree = "<group>"; };
		CEA78FAB2960401F00B67E25 /* String+Transform.swift */ = {isa = PBXFileReference; lastKnownFileType = sourcecode.swift; path = "String+Transform.swift"; sourceTree = "<group>"; };
		CEA78FAD2961BA1D00B67E25 /* String+TransformTests.swift */ = {isa = PBXFileReference; lastKnownFileType = sourcecode.swift; path = "String+TransformTests.swift"; sourceTree = "<group>"; };
		CEA78FAF2964209B00B67E25 /* UserDict.swift */ = {isa = PBXFileReference; lastKnownFileType = sourcecode.swift; path = UserDict.swift; sourceTree = "<group>"; };
		CEA78FB129646CA100B67E25 /* UserDictTests.swift */ = {isa = PBXFileReference; lastKnownFileType = sourcecode.swift; path = UserDictTests.swift; sourceTree = "<group>"; };
		CEADA44A2B025A0F0026E2BD /* Entry.swift */ = {isa = PBXFileReference; lastKnownFileType = sourcecode.swift; path = Entry.swift; sourceTree = "<group>"; };
		CEADA44C2B025A8A0026E2BD /* EntryTests.swift */ = {isa = PBXFileReference; lastKnownFileType = sourcecode.swift; path = EntryTests.swift; sourceTree = "<group>"; };
		CEADA44E2B1357090026E2BD /* GeneralView.swift */ = {isa = PBXFileReference; lastKnownFileType = sourcecode.swift; path = GeneralView.swift; sourceTree = "<group>"; };
		CEADA4502B1358D40026E2BD /* InputSource.swift */ = {isa = PBXFileReference; lastKnownFileType = sourcecode.swift; path = InputSource.swift; sourceTree = "<group>"; };
		CEB0888B2A7F342000EFD1E3 /* Credits.rtf */ = {isa = PBXFileReference; fileEncoding = 4; lastKnownFileType = text.rtf; path = Credits.rtf; sourceTree = "<group>"; };
		CEB0888D2A7F393600EFD1E3 /* AnnotationView.swift */ = {isa = PBXFileReference; lastKnownFileType = sourcecode.swift; path = AnnotationView.swift; sourceTree = "<group>"; };
		CEB0888F2A7F73B400EFD1E3 /* Pasteboard.swift */ = {isa = PBXFileReference; lastKnownFileType = sourcecode.swift; path = Pasteboard.swift; sourceTree = "<group>"; };
		CEB088922A81342E00EFD1E3 /* macSKK-Bridging-Header.h */ = {isa = PBXFileReference; lastKnownFileType = sourcecode.c.h; path = "macSKK-Bridging-Header.h"; sourceTree = "<group>"; };
		CEB088952A81353400EFD1E3 /* DictionaryServiceExtention.h */ = {isa = PBXFileReference; lastKnownFileType = sourcecode.c.h; path = DictionaryServiceExtention.h; sourceTree = "<group>"; };
		CEB1416F2A8773DB005E7252 /* SKK-JISYO.test.utf8 */ = {isa = PBXFileReference; lastKnownFileType = text; path = "SKK-JISYO.test.utf8"; sourceTree = "<group>"; };
		CEB141712A87D16C005E7252 /* DictionaryView.swift */ = {isa = PBXFileReference; lastKnownFileType = sourcecode.swift; path = DictionaryView.swift; sourceTree = "<group>"; };
		CEC061C72ABB0A0100A11614 /* CompletionPanel.swift */ = {isa = PBXFileReference; lastKnownFileType = sourcecode.swift; path = CompletionPanel.swift; sourceTree = "<group>"; };
		CEC061C92ABB0A7900A11614 /* CompletionViewModel.swift */ = {isa = PBXFileReference; lastKnownFileType = sourcecode.swift; path = CompletionViewModel.swift; sourceTree = "<group>"; };
		CEC376E72965199500D9C432 /* SettingsView.swift */ = {isa = PBXFileReference; lastKnownFileType = sourcecode.swift; path = SettingsView.swift; sourceTree = "<group>"; };
		CEC376EA2965211200D9C432 /* KeyEventView.swift */ = {isa = PBXFileReference; lastKnownFileType = sourcecode.swift; path = KeyEventView.swift; sourceTree = "<group>"; };
		CED0984C2B779E4700F2E844 /* UNNotifier.swift */ = {isa = PBXFileReference; lastKnownFileType = sourcecode.swift; path = UNNotifier.swift; sourceTree = "<group>"; };
		CED098502B95F32600F2E844 /* WorkaroundView.swift */ = {isa = PBXFileReference; lastKnownFileType = sourcecode.swift; path = WorkaroundView.swift; sourceTree = "<group>"; };
		CED1CA1D2BAFBE0600C32AE3 /* SKKServDictTests.swift */ = {isa = PBXFileReference; lastKnownFileType = sourcecode.swift; path = SKKServDictTests.swift; sourceTree = "<group>"; };
		CED7CA292A8394F7004EF988 /* FetchUpdateService.xpc */ = {isa = PBXFileReference; explicitFileType = "wrapper.xpc-service"; includeInIndex = 0; path = FetchUpdateService.xpc; sourceTree = BUILT_PRODUCTS_DIR; };
		CED7CA2B2A8394F7004EF988 /* FetchUpdateServiceProtocol.swift */ = {isa = PBXFileReference; lastKnownFileType = sourcecode.swift; path = FetchUpdateServiceProtocol.swift; sourceTree = "<group>"; };
		CED7CA2D2A8394F7004EF988 /* FetchUpdateService.swift */ = {isa = PBXFileReference; lastKnownFileType = sourcecode.swift; path = FetchUpdateService.swift; sourceTree = "<group>"; };
		CED7CA2F2A8394F7004EF988 /* main.swift */ = {isa = PBXFileReference; lastKnownFileType = sourcecode.swift; path = main.swift; sourceTree = "<group>"; };
		CED7CA312A8394F7004EF988 /* Info.plist */ = {isa = PBXFileReference; lastKnownFileType = text.plist.xml; path = Info.plist; sourceTree = "<group>"; };
		CED7CA322A8394F7004EF988 /* FetchUpdateService.entitlements */ = {isa = PBXFileReference; lastKnownFileType = text.plist.entitlements; path = FetchUpdateService.entitlements; sourceTree = "<group>"; };
		CED7CA3B2A839603004EF988 /* UpdateChecker.swift */ = {isa = PBXFileReference; lastKnownFileType = sourcecode.swift; path = UpdateChecker.swift; sourceTree = "<group>"; };
		CED7CA3D2A8397E4004EF988 /* UpdateCheckerTests.swift */ = {isa = PBXFileReference; lastKnownFileType = sourcecode.swift; path = UpdateCheckerTests.swift; sourceTree = "<group>"; };
		CED7CA582A83CD67004EF988 /* releases.atom */ = {isa = PBXFileReference; fileEncoding = 4; lastKnownFileType = text.xml; path = releases.atom; sourceTree = "<group>"; };
		CED7CA5A2A83DE7F004EF988 /* SettingsViewModel.swift */ = {isa = PBXFileReference; lastKnownFileType = sourcecode.swift; path = SettingsViewModel.swift; sourceTree = "<group>"; };
		CED7F51E2AB5F4A7007FC6BD /* Character+Additions.swift */ = {isa = PBXFileReference; lastKnownFileType = sourcecode.swift; path = "Character+Additions.swift"; sourceTree = "<group>"; };
		CED987402BB953E7001B40F9 /* Data+EucJis2004.swift */ = {isa = PBXFileReference; lastKnownFileType = sourcecode.swift; path = "Data+EucJis2004.swift"; sourceTree = "<group>"; };
		CEE2D9762A99FE1B00A4CD76 /* Word.swift */ = {isa = PBXFileReference; lastKnownFileType = sourcecode.swift; path = Word.swift; sourceTree = "<group>"; };
		CEE2D9782A99FEC700A4CD76 /* CandidateTest.swift */ = {isa = PBXFileReference; lastKnownFileType = sourcecode.swift; path = CandidateTest.swift; sourceTree = "<group>"; };
		CEE3717429653112000DB2C3 /* SoftwareUpdateView.swift */ = {isa = PBXFileReference; lastKnownFileType = sourcecode.swift; path = SoftwareUpdateView.swift; sourceTree = "<group>"; };
		CEF03F7E2C69AA8F009B05B2 /* SKK-JISYO.broken.json */ = {isa = PBXFileReference; lastKnownFileType = text.json; path = "SKK-JISYO.broken.json"; sourceTree = "<group>"; };
		CEF0823529685C0800646366 /* StateTests.swift */ = {isa = PBXFileReference; lastKnownFileType = sourcecode.swift; path = StateTests.swift; sourceTree = "<group>"; };
		CEF08239296BCDB000646366 /* InputModePanel.swift */ = {isa = PBXFileReference; lastKnownFileType = sourcecode.swift; path = InputModePanel.swift; sourceTree = "<group>"; };
		CEF08256296D8CBD00646366 /* CandidatesPanel.swift */ = {isa = PBXFileReference; lastKnownFileType = sourcecode.swift; path = CandidatesPanel.swift; sourceTree = "<group>"; };
		CEF0825A296D8FF000646366 /* CandidatesView.swift */ = {isa = PBXFileReference; lastKnownFileType = sourcecode.swift; path = CandidatesView.swift; sourceTree = "<group>"; };
		CEF0825C296DB58600646366 /* CandidatesViewModel.swift */ = {isa = PBXFileReference; lastKnownFileType = sourcecode.swift; path = CandidatesViewModel.swift; sourceTree = "<group>"; };
		CEF3D86B2B9C022900BD1D3A /* WorkaroundApplicationView.swift */ = {isa = PBXFileReference; lastKnownFileType = sourcecode.swift; path = WorkaroundApplicationView.swift; sourceTree = "<group>"; };
		CEF3D8712B9EF0C000BD1D3A /* SKKServClient.xpc */ = {isa = PBXFileReference; explicitFileType = "wrapper.xpc-service"; includeInIndex = 0; path = SKKServClient.xpc; sourceTree = BUILT_PRODUCTS_DIR; };
		CEF3D8732B9EF0C000BD1D3A /* SKKServClient.swift */ = {isa = PBXFileReference; lastKnownFileType = sourcecode.swift; path = SKKServClient.swift; sourceTree = "<group>"; };
		CEF3D8752B9EF0C000BD1D3A /* SKKServClientProtocol.swift */ = {isa = PBXFileReference; lastKnownFileType = sourcecode.swift; path = SKKServClientProtocol.swift; sourceTree = "<group>"; };
		CEF3D8772B9EF0C000BD1D3A /* main.swift */ = {isa = PBXFileReference; lastKnownFileType = sourcecode.swift; path = main.swift; sourceTree = "<group>"; };
		CEF3D8792B9EF0C000BD1D3A /* Info.plist */ = {isa = PBXFileReference; lastKnownFileType = text.plist.xml; path = Info.plist; sourceTree = "<group>"; };
		CEF3D87A2B9EF0C000BD1D3A /* SKKServClient.entitlements */ = {isa = PBXFileReference; lastKnownFileType = text.plist.entitlements; path = SKKServClient.entitlements; sourceTree = "<group>"; };
/* End PBXFileReference section */

/* Begin PBXFrameworksBuildPhase section */
		CE5ECF2F2957034B00E7BE7D /* Frameworks */ = {
			isa = PBXFrameworksBuildPhase;
			buildActionMask = 2147483647;
			files = (
				CE496C982B440CDA001C623C /* libiconv.tbd in Frameworks */,
			);
			runOnlyForDeploymentPostprocessing = 0;
		};
		CE5ECF402957034D00E7BE7D /* Frameworks */ = {
			isa = PBXFrameworksBuildPhase;
			buildActionMask = 2147483647;
			files = (
			);
			runOnlyForDeploymentPostprocessing = 0;
		};
		CED7CA262A8394F7004EF988 /* Frameworks */ = {
			isa = PBXFrameworksBuildPhase;
			buildActionMask = 2147483647;
			files = (
			);
			runOnlyForDeploymentPostprocessing = 0;
		};
		CEF3D86E2B9EF0C000BD1D3A /* Frameworks */ = {
			isa = PBXFrameworksBuildPhase;
			buildActionMask = 2147483647;
			files = (
				CE6BBCC12BCD6721003BB47F /* libiconv.tbd in Frameworks */,
			);
			runOnlyForDeploymentPostprocessing = 0;
		};
/* End PBXFrameworksBuildPhase section */

/* Begin PBXGroup section */
		CE00FCCD2C30E99300AC6EEB /* KeyBinding */ = {
			isa = PBXGroup;
			children = (
				CE11C7BC2BE47D5D00A35F3D /* KeyBindingView.swift */,
				CE49A2792C245F6400D53CFE /* KeyBindingSetView.swift */,
				CE49A27B2C26F61700D53CFE /* KeyBindingInputsView.swift */,
			);
			path = KeyBinding;
			sourceTree = "<group>";
		};
		CE1B00602BA4285A00C830FD /* Network */ = {
			isa = PBXGroup;
			children = (
				CE1B00612BA4286800C830FD /* Message+SKKServ.swift */,
				CE1B00672BA428AE00C830FD /* NWParameters+SKKServ.swift */,
				CE1B00632BA4287C00C830FD /* SKKServRequest.swift */,
				CE1B00652BA4288F00C830FD /* SKKServProtocol.swift */,
			);
			path = Network;
			sourceTree = "<group>";
		};
		CE496C962B440CCA001C623C /* Frameworks */ = {
			isa = PBXGroup;
			children = (
				CE496C972B440CCA001C623C /* libiconv.tbd */,
			);
			name = Frameworks;
			sourceTree = "<group>";
		};
		CE5ECF292957034B00E7BE7D = {
			isa = PBXGroup;
			children = (
				CE5ECF342957034B00E7BE7D /* macSKK */,
				CED7CA2A2A8394F7004EF988 /* FetchUpdateService */,
				CEF3D8722B9EF0C000BD1D3A /* SKKServClient */,
				CE5ECF462957034D00E7BE7D /* macSKKTests */,
				CE5ECF332957034B00E7BE7D /* Products */,
				CE496C962B440CCA001C623C /* Frameworks */,
			);
			indentWidth = 4;
			sourceTree = "<group>";
			tabWidth = 4;
			usesTabs = 0;
			wrapsLines = 1;
		};
		CE5ECF332957034B00E7BE7D /* Products */ = {
			isa = PBXGroup;
			children = (
				CE5ECF322957034B00E7BE7D /* macSKK.app */,
				CE5ECF432957034D00E7BE7D /* macSKKTests.xctest */,
				CED7CA292A8394F7004EF988 /* FetchUpdateService.xpc */,
				CEF3D8712B9EF0C000BD1D3A /* SKKServClient.xpc */,
			);
			name = Products;
			sourceTree = "<group>";
		};
		CE5ECF342957034B00E7BE7D /* macSKK */ = {
			isa = PBXGroup;
			children = (
				CE5ECF352957034B00E7BE7D /* macSKKApp.swift */,
				CE7F9AD82AADEBF9001B1877 /* AppDelegate.swift */,
				CE11C7B42BDD461C00A35F3D /* Global.swift */,
				CE84A3B829570C37009394C4 /* InputController.swift */,
				CE84A3DD29571797009394C4 /* Action.swift */,
				CE39DB202A8DFD8F00BC619F /* MarkedText.swift */,
				CE84A3DB2957174D009394C4 /* State.swift */,
				CE84A3DF295717CB009394C4 /* StateMachine.swift */,
				CEE2D9762A99FE1B00A4CD76 /* Word.swift */,
				CE313A1E2AF5213700A49142 /* Candidate.swift */,
				CE84A3EA295DA715009394C4 /* Dict.swift */,
				CE5EB6AC2AAC0DE000389B98 /* FileDict.swift */,
				CE5EB6AE2AAC0DEB00389B98 /* MemoryDict.swift */,
				CE1B00542BA3DDEB00C830FD /* SKKServDict.swift */,
				CEA78FAF2964209B00B67E25 /* UserDict.swift */,
				CEADA44A2B025A0F0026E2BD /* Entry.swift */,
				CE4CB5CB2AD557D90046FA34 /* NumberEntry.swift */,
				CE84A3E6295DA4DA009394C4 /* Romaji.swift */,
				4B8E87D32CE05C3F004E7461 /* CurrentInput.swift */,
				4B8E87D52CE05D0A004E7461 /* Key.swift */,
				CE11C7BE2BE47D9800A35F3D /* KeyBinding.swift */,
				CE39FA962BF0813E00E293F0 /* KeyBindingSet.swift */,
				CE3E44AC2B5391DB00105798 /* SettingsWatcher.swift */,
				CE40D9A22A6D0C3900D44799 /* SystemDict.swift */,
				CEB0888F2A7F73B400EFD1E3 /* Pasteboard.swift */,
				CEADA4502B1358D40026E2BD /* InputSource.swift */,
				CE6DBA8C2A845CE400F5A227 /* Release.swift */,
				CE6DBA8E2A845E8B00F5A227 /* ReleaseVersion.swift */,
				CE485A872A8FA195008271EF /* Release+UNNotification.swift */,
				CE6DBAAF2A85AA1200F5A227 /* LatestReleaseFetcher.swift */,
				CED7CA3B2A839603004EF988 /* UpdateChecker.swift */,
				CE1B006B2BA54D9800C830FD /* SKKServService.swift */,
				CED0984C2B779E4700F2E844 /* UNNotifier.swift */,
				CEA78FAB2960401F00B67E25 /* String+Transform.swift */,
				CED7F51E2AB5F4A7007FC6BD /* Character+Additions.swift */,
				CE496C902B440892001C623C /* URL+Additions.swift */,
				CED987402BB953E7001B40F9 /* Data+EucJis2004.swift */,
				CE485A892A8FA5C6008271EF /* UserNotificationDelegate.swift */,
				CE7F9ADA2AB53E31001B1877 /* View */,
				CEC376E929651DE000D9C432 /* Settings */,
				CEB088922A81342E00EFD1E3 /* macSKK-Bridging-Header.h */,
				CEB088952A81353400EFD1E3 /* DictionaryServiceExtention.h */,
				CE5ECF392957034D00E7BE7D /* Assets.xcassets */,
				CE1A01482C5931D60034FA7D /* hiragana.tiff */,
				CE1A01442C5931CD0034FA7D /* katakana.tiff */,
				CE1A01452C5931CF0034FA7D /* direct.tiff */,
				CE1A01462C5931D10034FA7D /* hankaku.tiff */,
				CE1A01472C5931D40034FA7D /* eisu.tiff */,
				CE5ECF612957061A00E7BE7D /* Info.plist */,
				CE5ECF3E2957034D00E7BE7D /* macSKK.entitlements */,
				CE5ECF632957077D00E7BE7D /* InfoPlist.strings */,
				CE6DBAC62A85BF3E00F5A227 /* Localizable.strings */,
				CEB0888B2A7F342000EFD1E3 /* Credits.rtf */,
				CE3E44A62B52AFB400105798 /* kana-rule.conf */,
				CE5ECF3B2957034D00E7BE7D /* Preview Content */,
			);
			path = macSKK;
			sourceTree = "<group>";
		};
		CE5ECF3B2957034D00E7BE7D /* Preview Content */ = {
			isa = PBXGroup;
			children = (
				CE5ECF3C2957034D00E7BE7D /* Preview Assets.xcassets */,
				CE6DBACE2A8663E600F5A227 /* SKK-JISYO.sample.utf-8 */,
			);
			path = "Preview Content";
			sourceTree = "<group>";
		};
		CE5ECF462957034D00E7BE7D /* macSKKTests */ = {
			isa = PBXGroup;
			children = (
				CEF0823529685C0800646366 /* StateTests.swift */,
				CEA78FA9295EBCAC00B67E25 /* StateMachineTests.swift */,
				CEE2D9782A99FEC700A4CD76 /* CandidateTest.swift */,
				CE4CB5CD2AD55DF90046FA34 /* NumberEntryTests.swift */,
				CE84A3EC295DA818009394C4 /* MemoryDictTests.swift */,
				CE06CA292AAC171B00E80E5E /* FileDictTests.swift */,
				CEA78FB129646CA100B67E25 /* UserDictTests.swift */,
				CED1CA1D2BAFBE0600C32AE3 /* SKKServDictTests.swift */,
				CEADA44C2B025A8A0026E2BD /* EntryTests.swift */,
				CE84A3E8295DA504009394C4 /* RomajiTests.swift */,
				4B8E87D72CE0689D004E7461 /* CurrentInputTests.swift */,
				CE118EE42CE0B4DB00A7C300 /* KeyTests.swift */,
				CE2F3B122C030C9A00CE342B /* KeyBindingTests.swift */,
				CE49A2772C19E07800D53CFE /* KeyBindingSetTests.swift */,
				CED7CA3D2A8397E4004EF988 /* UpdateCheckerTests.swift */,
				CE6DBA902A846C1700F5A227 /* ReleaseVersionTests.swift */,
				CEA78FAD2961BA1D00B67E25 /* String+TransformTests.swift */,
				CE8DFE082CBEAA1F00A24230 /* Character+AdditionsTests.swift */,
				CE496C942B440BBD001C623C /* Data+EucJis2004Tests.swift */,
				CE06CA332AAC199500E80E5E /* UserDict+Utilities.swift */,
				CE39FA942BEB942B00E293F0 /* Character+KeyCode.swift */,
				CED7CA572A83BFE9004EF988 /* fixture */,
			);
			path = macSKKTests;
			sourceTree = "<group>";
		};
		CE7F9ADA2AB53E31001B1877 /* View */ = {
			isa = PBXGroup;
			children = (
				CEF08239296BCDB000646366 /* InputModePanel.swift */,
				CEF08256296D8CBD00646366 /* CandidatesPanel.swift */,
				CEF0825A296D8FF000646366 /* CandidatesView.swift */,
				CEB0888D2A7F393600EFD1E3 /* AnnotationView.swift */,
				CEF0825C296DB58600646366 /* CandidatesViewModel.swift */,
				CEC061C72ABB0A0100A11614 /* CompletionPanel.swift */,
				CE7F9ADB2AB53E53001B1877 /* CompletionView.swift */,
				CEC061C92ABB0A7900A11614 /* CompletionViewModel.swift */,
				CE6599DB2ADBF2630052F8C0 /* SettingsWindow.swift */,
			);
			path = View;
			sourceTree = "<group>";
		};
		CEC376E929651DE000D9C432 /* Settings */ = {
			isa = PBXGroup;
			children = (
				CED7CA5A2A83DE7F004EF988 /* SettingsViewModel.swift */,
				CEC376E72965199500D9C432 /* SettingsView.swift */,
				CEADA44E2B1357090026E2BD /* GeneralView.swift */,
				CE6DBACC2A864A3B00F5A227 /* DictionariesView.swift */,
				CEB141712A87D16C005E7252 /* DictionaryView.swift */,
				CE1B00692BA5490E00C830FD /* SKKServDictView.swift */,
				CE97887A2A9B93EB00F9B196 /* DirectModeView.swift */,
				CED098502B95F32600F2E844 /* WorkaroundView.swift */,
				CEF3D86B2B9C022900BD1D3A /* WorkaroundApplicationView.swift */,
				CEE3717429653112000DB2C3 /* SoftwareUpdateView.swift */,
				CE496C8B2B43968A001C623C /* LogView.swift */,
				CEC376EA2965211200D9C432 /* KeyEventView.swift */,
				CE40D9A02A6D0C2F00D44799 /* SystemDictView.swift */,
				CE00FCCD2C30E99300AC6EEB /* KeyBinding */,
				CE2157652B2EA985006E4C41 /* UserDefaultsKeys.swift */,
			);
			path = Settings;
			sourceTree = "<group>";
		};
		CED7CA2A2A8394F7004EF988 /* FetchUpdateService */ = {
			isa = PBXGroup;
			children = (
				CED7CA2B2A8394F7004EF988 /* FetchUpdateServiceProtocol.swift */,
				CED7CA2D2A8394F7004EF988 /* FetchUpdateService.swift */,
				CED7CA2F2A8394F7004EF988 /* main.swift */,
				CED7CA312A8394F7004EF988 /* Info.plist */,
				CED7CA322A8394F7004EF988 /* FetchUpdateService.entitlements */,
			);
			path = FetchUpdateService;
			sourceTree = "<group>";
		};
		CED7CA572A83BFE9004EF988 /* fixture */ = {
			isa = PBXGroup;
			children = (
				CE3E44A42B4ED2D700105798 /* utf8-bom.txt */,
				CE06CA2C2AAC172F00E80E5E /* empty.txt */,
				CED7CA582A83CD67004EF988 /* releases.atom */,
				CEB1416F2A8773DB005E7252 /* SKK-JISYO.test.utf8 */,
				CE03269F2C5D1DD6000FF691 /* SKK-JISYO.test.json */,
				CEF03F7E2C69AA8F009B05B2 /* SKK-JISYO.broken.json */,
				CE496C922B440B9B001C623C /* euc-jis-2004.txt */,
				CE3E44A82B52C89800105798 /* kana-rule-for-test.conf */,
			);
			path = fixture;
			sourceTree = "<group>";
		};
		CEF3D8722B9EF0C000BD1D3A /* SKKServClient */ = {
			isa = PBXGroup;
			children = (
				CEF3D8752B9EF0C000BD1D3A /* SKKServClientProtocol.swift */,
				CEF3D8732B9EF0C000BD1D3A /* SKKServClient.swift */,
				CEF3D8772B9EF0C000BD1D3A /* main.swift */,
				CE1B00602BA4285A00C830FD /* Network */,
				CEF3D8792B9EF0C000BD1D3A /* Info.plist */,
				CEF3D87A2B9EF0C000BD1D3A /* SKKServClient.entitlements */,
			);
			path = SKKServClient;
			sourceTree = "<group>";
		};
/* End PBXGroup section */

/* Begin PBXNativeTarget section */
		CE5ECF312957034B00E7BE7D /* macSKK */ = {
			isa = PBXNativeTarget;
			buildConfigurationList = CE5ECF572957034D00E7BE7D /* Build configuration list for PBXNativeTarget "macSKK" */;
			buildPhases = (
				CE5ECF2E2957034B00E7BE7D /* Sources */,
				CE5ECF2F2957034B00E7BE7D /* Frameworks */,
				CE5ECF302957034B00E7BE7D /* Resources */,
				CE5ECF602957050200E7BE7D /* Update Info.plist */,
				CED7CA392A8394F7004EF988 /* Embed XPC Services */,
			);
			buildRules = (
			);
			dependencies = (
				CED7CA342A8394F7004EF988 /* PBXTargetDependency */,
				CEF3D87C2B9EF0C000BD1D3A /* PBXTargetDependency */,
			);
			name = macSKK;
			packageProductDependencies = (
			);
			productName = macSKK;
			productReference = CE5ECF322957034B00E7BE7D /* macSKK.app */;
			productType = "com.apple.product-type.application";
		};
		CE5ECF422957034D00E7BE7D /* macSKKTests */ = {
			isa = PBXNativeTarget;
			buildConfigurationList = CE5ECF5A2957034D00E7BE7D /* Build configuration list for PBXNativeTarget "macSKKTests" */;
			buildPhases = (
				CE5ECF3F2957034D00E7BE7D /* Sources */,
				CE5ECF402957034D00E7BE7D /* Frameworks */,
				CE5ECF412957034D00E7BE7D /* Resources */,
			);
			buildRules = (
			);
			dependencies = (
				CE5ECF452957034D00E7BE7D /* PBXTargetDependency */,
			);
			name = macSKKTests;
			productName = macSKKTests;
			productReference = CE5ECF432957034D00E7BE7D /* macSKKTests.xctest */;
			productType = "com.apple.product-type.bundle.unit-test";
		};
		CED7CA282A8394F7004EF988 /* FetchUpdateService */ = {
			isa = PBXNativeTarget;
			buildConfigurationList = CED7CA362A8394F7004EF988 /* Build configuration list for PBXNativeTarget "FetchUpdateService" */;
			buildPhases = (
				CED7CA252A8394F7004EF988 /* Sources */,
				CED7CA262A8394F7004EF988 /* Frameworks */,
				CED7CA272A8394F7004EF988 /* Resources */,
			);
			buildRules = (
			);
			dependencies = (
			);
			name = FetchUpdateService;
			productName = FetchUpdateService;
			productReference = CED7CA292A8394F7004EF988 /* FetchUpdateService.xpc */;
			productType = "com.apple.product-type.xpc-service";
		};
		CEF3D8702B9EF0C000BD1D3A /* SKKServClient */ = {
			isa = PBXNativeTarget;
			buildConfigurationList = CEF3D8802B9EF0C000BD1D3A /* Build configuration list for PBXNativeTarget "SKKServClient" */;
			buildPhases = (
				CEF3D86D2B9EF0C000BD1D3A /* Sources */,
				CEF3D86E2B9EF0C000BD1D3A /* Frameworks */,
				CEF3D86F2B9EF0C000BD1D3A /* Resources */,
			);
			buildRules = (
			);
			dependencies = (
			);
			name = SKKServClient;
			productName = SKKServClient;
			productReference = CEF3D8712B9EF0C000BD1D3A /* SKKServClient.xpc */;
			productType = "com.apple.product-type.xpc-service";
		};
/* End PBXNativeTarget section */

/* Begin PBXProject section */
		CE5ECF2A2957034B00E7BE7D /* Project object */ = {
			isa = PBXProject;
			attributes = {
				BuildIndependentTargetsInParallel = 1;
				LastSwiftUpdateCheck = 1530;
				LastUpgradeCheck = 1600;
				TargetAttributes = {
					CE5ECF312957034B00E7BE7D = {
						CreatedOnToolsVersion = 14.2;
						LastSwiftMigration = 1430;
					};
					CE5ECF422957034D00E7BE7D = {
						CreatedOnToolsVersion = 14.2;
						TestTargetID = CE5ECF312957034B00E7BE7D;
					};
					CED7CA282A8394F7004EF988 = {
						CreatedOnToolsVersion = 14.3.1;
					};
					CEF3D8702B9EF0C000BD1D3A = {
						CreatedOnToolsVersion = 15.3;
					};
				};
			};
			buildConfigurationList = CE5ECF2D2957034B00E7BE7D /* Build configuration list for PBXProject "macSKK" */;
			compatibilityVersion = "Xcode 14.0";
			developmentRegion = en;
			hasScannedForEncodings = 0;
			knownRegions = (
				en,
				Base,
				ja,
			);
			mainGroup = CE5ECF292957034B00E7BE7D;
			packageReferences = (
			);
			productRefGroup = CE5ECF332957034B00E7BE7D /* Products */;
			projectDirPath = "";
			projectRoot = "";
			targets = (
				CE5ECF312957034B00E7BE7D /* macSKK */,
				CE5ECF422957034D00E7BE7D /* macSKKTests */,
				CED7CA282A8394F7004EF988 /* FetchUpdateService */,
				CEF3D8702B9EF0C000BD1D3A /* SKKServClient */,
			);
		};
/* End PBXProject section */

/* Begin PBXResourcesBuildPhase section */
		CE5ECF302957034B00E7BE7D /* Resources */ = {
			isa = PBXResourcesBuildPhase;
			buildActionMask = 2147483647;
			files = (
				CE1A014A2C5931D60034FA7D /* direct.tiff in Resources */,
				CE1A01492C5931D60034FA7D /* katakana.tiff in Resources */,
				CE1A014B2C5931D60034FA7D /* hankaku.tiff in Resources */,
				CEB0888C2A7F342000EFD1E3 /* Credits.rtf in Resources */,
				CE1A014C2C5931D60034FA7D /* eisu.tiff in Resources */,
				CE5ECF3D2957034D00E7BE7D /* Preview Assets.xcassets in Resources */,
				CE6DBACF2A8663E600F5A227 /* SKK-JISYO.sample.utf-8 in Resources */,
				CE1A014D2C5931D60034FA7D /* hiragana.tiff in Resources */,
				CE6DBAC42A85BF3E00F5A227 /* Localizable.strings in Resources */,
				CE5ECF642957077D00E7BE7D /* InfoPlist.strings in Resources */,
				CE3E44A72B52AFB400105798 /* kana-rule.conf in Resources */,
				CE5ECF3A2957034D00E7BE7D /* Assets.xcassets in Resources */,
			);
			runOnlyForDeploymentPostprocessing = 0;
		};
		CE5ECF412957034D00E7BE7D /* Resources */ = {
			isa = PBXResourcesBuildPhase;
			buildActionMask = 2147483647;
			files = (
				CEB141702A8773DB005E7252 /* SKK-JISYO.test.utf8 in Resources */,
				CE496C932B440B9B001C623C /* euc-jis-2004.txt in Resources */,
				CE3E44A92B52C89800105798 /* kana-rule-for-test.conf in Resources */,
				CED7CA592A83CD67004EF988 /* releases.atom in Resources */,
				CE06CA2D2AAC172F00E80E5E /* empty.txt in Resources */,
				CE0326A02C5D1DD6000FF691 /* SKK-JISYO.test.json in Resources */,
				CEF03F7F2C69AA8F009B05B2 /* SKK-JISYO.broken.json in Resources */,
				CE3E44AB2B536F8300105798 /* kana-rule.conf in Resources */,
				CE3E44A52B4ED2D700105798 /* utf8-bom.txt in Resources */,
			);
			runOnlyForDeploymentPostprocessing = 0;
		};
		CED7CA272A8394F7004EF988 /* Resources */ = {
			isa = PBXResourcesBuildPhase;
			buildActionMask = 2147483647;
			files = (
			);
			runOnlyForDeploymentPostprocessing = 0;
		};
		CEF3D86F2B9EF0C000BD1D3A /* Resources */ = {
			isa = PBXResourcesBuildPhase;
			buildActionMask = 2147483647;
			files = (
			);
			runOnlyForDeploymentPostprocessing = 0;
		};
/* End PBXResourcesBuildPhase section */

/* Begin PBXShellScriptBuildPhase section */
		CE5ECF602957050200E7BE7D /* Update Info.plist */ = {
			isa = PBXShellScriptBuildPhase;
			buildActionMask = 12;
			files = (
			);
			inputFileListPaths = (
			);
			inputPaths = (
			);
			name = "Update Info.plist";
			outputFileListPaths = (
			);
			outputPaths = (
				"$(DERIVED_FILE_DIR)/${INFOPLIST_PATH}",
			);
			runOnlyForDeploymentPostprocessing = 0;
			shellPath = /bin/sh;
			shellScript = "if [ ${CONFIGURATION} = \"Release\" ]; then\n    /usr/libexec/PlistBuddy -c \"Add LSUIElement BOOL YES\" \"${TEMP_DIR}/Preprocessed-Info.plist\"\nfi\n";
		};
/* End PBXShellScriptBuildPhase section */

/* Begin PBXSourcesBuildPhase section */
		CE5ECF2E2957034B00E7BE7D /* Sources */ = {
			isa = PBXSourcesBuildPhase;
			buildActionMask = 2147483647;
			files = (
				CEB141722A87D16C005E7252 /* DictionaryView.swift in Sources */,
				CEE2D9772A99FE1B00A4CD76 /* Word.swift in Sources */,
				CEC061CA2ABB0A7900A11614 /* CompletionViewModel.swift in Sources */,
				CEF0825D296DB58600646366 /* CandidatesViewModel.swift in Sources */,
				CE7F9ADC2AB53E53001B1877 /* CompletionView.swift in Sources */,
				CE6DBA8D2A845CE400F5A227 /* Release.swift in Sources */,
				CED7CA5B2A83DE7F004EF988 /* SettingsViewModel.swift in Sources */,
				CE5EB6AF2AAC0DEB00389B98 /* MemoryDict.swift in Sources */,
				CEA78FAC2960401F00B67E25 /* String+Transform.swift in Sources */,
				CED7F51F2AB5F4A7007FC6BD /* Character+Additions.swift in Sources */,
				CE2157662B2EA985006E4C41 /* UserDefaultsKeys.swift in Sources */,
				CE84A3B929570C37009394C4 /* InputController.swift in Sources */,
				CE6599DC2ADBF2630052F8C0 /* SettingsWindow.swift in Sources */,
				CE3E44AD2B5391DB00105798 /* SettingsWatcher.swift in Sources */,
				CE39FA972BF0813E00E293F0 /* KeyBindingSet.swift in Sources */,
				CE485A8A2A8FA5C6008271EF /* UserNotificationDelegate.swift in Sources */,
				CE84A3EB295DA715009394C4 /* Dict.swift in Sources */,
				CE40D9A12A6D0C2F00D44799 /* SystemDictView.swift in Sources */,
				CEADA4512B1358D40026E2BD /* InputSource.swift in Sources */,
				CE84A3E7295DA4DA009394C4 /* Romaji.swift in Sources */,
				CE1B006D2BA54DE400C830FD /* SKKServClientProtocol.swift in Sources */,
				CE1B006A2BA5490E00C830FD /* SKKServDictView.swift in Sources */,
				CED0984D2B779E4700F2E844 /* UNNotifier.swift in Sources */,
				4B8E87D42CE05C40004E7461 /* CurrentInput.swift in Sources */,
				CE7F9AD92AADEBF9001B1877 /* AppDelegate.swift in Sources */,
				CEF0825B296D8FF000646366 /* CandidatesView.swift in Sources */,
				CED098512B95F32600F2E844 /* WorkaroundView.swift in Sources */,
				CE84A3E0295717CB009394C4 /* StateMachine.swift in Sources */,
				CED7CA3C2A839603004EF988 /* UpdateChecker.swift in Sources */,
				CE5ECF362957034B00E7BE7D /* macSKKApp.swift in Sources */,
				CEC061C82ABB0A0100A11614 /* CompletionPanel.swift in Sources */,
				CE4CB5CC2AD557D90046FA34 /* NumberEntry.swift in Sources */,
				CEF3D86C2B9C022900BD1D3A /* WorkaroundApplicationView.swift in Sources */,
				CE11C7B52BDD461C00A35F3D /* Global.swift in Sources */,
				CE84A3DE29571797009394C4 /* Action.swift in Sources */,
				4B8E87D62CE05D0C004E7461 /* Key.swift in Sources */,
				CED987412BB953E7001B40F9 /* Data+EucJis2004.swift in Sources */,
				CE485A882A8FA195008271EF /* Release+UNNotification.swift in Sources */,
				CED7CA3A2A839505004EF988 /* FetchUpdateServiceProtocol.swift in Sources */,
				CEA78FB02964209B00B67E25 /* UserDict.swift in Sources */,
				CEF08257296D8CBD00646366 /* CandidatesPanel.swift in Sources */,
				CEADA44B2B025A0F0026E2BD /* Entry.swift in Sources */,
				CE1B00552BA3DDEB00C830FD /* SKKServDict.swift in Sources */,
				CE97887B2A9B93EB00F9B196 /* DirectModeView.swift in Sources */,
				CE313A1F2AF5213700A49142 /* Candidate.swift in Sources */,
				CE6DBA8F2A845E8B00F5A227 /* ReleaseVersion.swift in Sources */,
				CEB088902A7F73B400EFD1E3 /* Pasteboard.swift in Sources */,
				CE1B006C2BA54D9800C830FD /* SKKServService.swift in Sources */,
				CEADA44F2B1357090026E2BD /* GeneralView.swift in Sources */,
				CE84A3DC2957174D009394C4 /* State.swift in Sources */,
				CE496C8C2B43968A001C623C /* LogView.swift in Sources */,
				CEE3717529653112000DB2C3 /* SoftwareUpdateView.swift in Sources */,
				CE496C912B440892001C623C /* URL+Additions.swift in Sources */,
				CE11C7BD2BE47D5D00A35F3D /* KeyBindingView.swift in Sources */,
				CE49A27A2C245F6400D53CFE /* KeyBindingSetView.swift in Sources */,
				CE39DB212A8DFD8F00BC619F /* MarkedText.swift in Sources */,
				CE40D9A32A6D0C3900D44799 /* SystemDict.swift in Sources */,
				CE49A27C2C26F61700D53CFE /* KeyBindingInputsView.swift in Sources */,
				CE5EB6AD2AAC0DE000389B98 /* FileDict.swift in Sources */,
				CEB0888E2A7F393600EFD1E3 /* AnnotationView.swift in Sources */,
				CEC376E82965199500D9C432 /* SettingsView.swift in Sources */,
				CEC376EB2965211200D9C432 /* KeyEventView.swift in Sources */,
				CE6DBAB02A85AA1200F5A227 /* LatestReleaseFetcher.swift in Sources */,
				CE11C7BF2BE47D9800A35F3D /* KeyBinding.swift in Sources */,
				CE6DBACD2A864A3B00F5A227 /* DictionariesView.swift in Sources */,
				CEF0823A296BCDB000646366 /* InputModePanel.swift in Sources */,
			);
			runOnlyForDeploymentPostprocessing = 0;
		};
		CE5ECF3F2957034D00E7BE7D /* Sources */ = {
			isa = PBXSourcesBuildPhase;
			buildActionMask = 2147483647;
			files = (
				CE118EE52CE0B4DE00A7C300 /* KeyTests.swift in Sources */,
				4B8E87D82CE068A0004E7461 /* CurrentInputTests.swift in Sources */,
				CE84A3ED295DA818009394C4 /* MemoryDictTests.swift in Sources */,
				CE06CA342AAC199500E80E5E /* UserDict+Utilities.swift in Sources */,
				CE84A3E9295DA504009394C4 /* RomajiTests.swift in Sources */,
				CE4CB5CE2AD55DF90046FA34 /* NumberEntryTests.swift in Sources */,
				CE49A2782C19E07800D53CFE /* KeyBindingSetTests.swift in Sources */,
				CEADA44D2B025A8A0026E2BD /* EntryTests.swift in Sources */,
				CEA78FAA295EBCAC00B67E25 /* StateMachineTests.swift in Sources */,
				CE496C952B440BBD001C623C /* Data+EucJis2004Tests.swift in Sources */,
				CEE2D9792A99FEC700A4CD76 /* CandidateTest.swift in Sources */,
				CEF0823629685C0800646366 /* StateTests.swift in Sources */,
				CED7CA3E2A8397E4004EF988 /* UpdateCheckerTests.swift in Sources */,
				CE8DFE092CBEAA2900A24230 /* Character+AdditionsTests.swift in Sources */,
				CE2F3B132C030C9A00CE342B /* KeyBindingTests.swift in Sources */,
				CEA78FB229646CA100B67E25 /* UserDictTests.swift in Sources */,
				CE06CA2B2AAC171B00E80E5E /* FileDictTests.swift in Sources */,
				CED1CA1E2BAFBE0600C32AE3 /* SKKServDictTests.swift in Sources */,
				CE6DBA912A846C1700F5A227 /* ReleaseVersionTests.swift in Sources */,
				CE39FA952BEB942B00E293F0 /* Character+KeyCode.swift in Sources */,
				CEA78FAE2961BA1D00B67E25 /* String+TransformTests.swift in Sources */,
			);
			runOnlyForDeploymentPostprocessing = 0;
		};
		CED7CA252A8394F7004EF988 /* Sources */ = {
			isa = PBXSourcesBuildPhase;
			buildActionMask = 2147483647;
			files = (
				CED7CA2C2A8394F7004EF988 /* FetchUpdateServiceProtocol.swift in Sources */,
				CED7CA2E2A8394F7004EF988 /* FetchUpdateService.swift in Sources */,
				CED7CA302A8394F7004EF988 /* main.swift in Sources */,
			);
			runOnlyForDeploymentPostprocessing = 0;
		};
		CEF3D86D2B9EF0C000BD1D3A /* Sources */ = {
			isa = PBXSourcesBuildPhase;
			buildActionMask = 2147483647;
			files = (
				CEF3D8742B9EF0C000BD1D3A /* SKKServClient.swift in Sources */,
				CE1B00642BA4287C00C830FD /* SKKServRequest.swift in Sources */,
				CE1B00622BA4286800C830FD /* Message+SKKServ.swift in Sources */,
				CEF3D8822B9EF19100BD1D3A /* SKKServClientProtocol.swift in Sources */,
				CE1B00682BA428AE00C830FD /* NWParameters+SKKServ.swift in Sources */,
				CEF3D8782B9EF0C000BD1D3A /* main.swift in Sources */,
				CE6BBCC02BCB6B57003BB47F /* Data+EucJis2004.swift in Sources */,
				CE1B00662BA4288F00C830FD /* SKKServProtocol.swift in Sources */,
			);
			runOnlyForDeploymentPostprocessing = 0;
		};
/* End PBXSourcesBuildPhase section */

/* Begin PBXTargetDependency section */
		CE5ECF452957034D00E7BE7D /* PBXTargetDependency */ = {
			isa = PBXTargetDependency;
			target = CE5ECF312957034B00E7BE7D /* macSKK */;
			targetProxy = CE5ECF442957034D00E7BE7D /* PBXContainerItemProxy */;
		};
		CED7CA342A8394F7004EF988 /* PBXTargetDependency */ = {
			isa = PBXTargetDependency;
			target = CED7CA282A8394F7004EF988 /* FetchUpdateService */;
			targetProxy = CED7CA332A8394F7004EF988 /* PBXContainerItemProxy */;
		};
		CEF3D87C2B9EF0C000BD1D3A /* PBXTargetDependency */ = {
			isa = PBXTargetDependency;
			target = CEF3D8702B9EF0C000BD1D3A /* SKKServClient */;
			targetProxy = CEF3D87B2B9EF0C000BD1D3A /* PBXContainerItemProxy */;
		};
/* End PBXTargetDependency section */

/* Begin PBXVariantGroup section */
		CE6DBAC62A85BF3E00F5A227 /* Localizable.strings */ = {
			isa = PBXVariantGroup;
			children = (
				CE6DBAC52A85BF3E00F5A227 /* en */,
				CE6DBAC72A85BF6B00F5A227 /* ja */,
			);
			name = Localizable.strings;
			sourceTree = "<group>";
		};
/* End PBXVariantGroup section */

/* Begin XCBuildConfiguration section */
		CE5ECF552957034D00E7BE7D /* Debug */ = {
			isa = XCBuildConfiguration;
			buildSettings = {
				ALWAYS_SEARCH_USER_PATHS = NO;
				CLANG_ANALYZER_LOCALIZABILITY_NONLOCALIZED = YES;
				CLANG_ANALYZER_NONNULL = YES;
				CLANG_ANALYZER_NUMBER_OBJECT_CONVERSION = YES_AGGRESSIVE;
				CLANG_CXX_LANGUAGE_STANDARD = "gnu++20";
				CLANG_ENABLE_MODULES = YES;
				CLANG_ENABLE_OBJC_ARC = YES;
				CLANG_ENABLE_OBJC_WEAK = YES;
				CLANG_WARN_BLOCK_CAPTURE_AUTORELEASING = YES;
				CLANG_WARN_BOOL_CONVERSION = YES;
				CLANG_WARN_COMMA = YES;
				CLANG_WARN_CONSTANT_CONVERSION = YES;
				CLANG_WARN_DEPRECATED_OBJC_IMPLEMENTATIONS = YES;
				CLANG_WARN_DIRECT_OBJC_ISA_USAGE = YES_ERROR;
				CLANG_WARN_DOCUMENTATION_COMMENTS = YES;
				CLANG_WARN_EMPTY_BODY = YES;
				CLANG_WARN_ENUM_CONVERSION = YES;
				CLANG_WARN_INFINITE_RECURSION = YES;
				CLANG_WARN_INT_CONVERSION = YES;
				CLANG_WARN_NON_LITERAL_NULL_CONVERSION = YES;
				CLANG_WARN_OBJC_IMPLICIT_RETAIN_SELF = YES;
				CLANG_WARN_OBJC_LITERAL_CONVERSION = YES;
				CLANG_WARN_OBJC_ROOT_CLASS = YES_ERROR;
				CLANG_WARN_QUOTED_INCLUDE_IN_FRAMEWORK_HEADER = YES;
				CLANG_WARN_RANGE_LOOP_ANALYSIS = YES;
				CLANG_WARN_STRICT_PROTOTYPES = YES;
				CLANG_WARN_SUSPICIOUS_MOVE = YES;
				CLANG_WARN_UNGUARDED_AVAILABILITY = YES_AGGRESSIVE;
				CLANG_WARN_UNREACHABLE_CODE = YES;
				CLANG_WARN__DUPLICATE_METHOD_MATCH = YES;
				COPY_PHASE_STRIP = NO;
				DEAD_CODE_STRIPPING = YES;
				DEBUG_INFORMATION_FORMAT = dwarf;
				ENABLE_STRICT_OBJC_MSGSEND = YES;
				ENABLE_TESTABILITY = YES;
				ENABLE_USER_SCRIPT_SANDBOXING = YES;
				GCC_C_LANGUAGE_STANDARD = gnu11;
				GCC_DYNAMIC_NO_PIC = NO;
				GCC_NO_COMMON_BLOCKS = YES;
				GCC_OPTIMIZATION_LEVEL = 0;
				GCC_PREPROCESSOR_DEFINITIONS = (
					"DEBUG=1",
					"$(inherited)",
				);
				GCC_WARN_64_TO_32_BIT_CONVERSION = YES;
				GCC_WARN_ABOUT_RETURN_TYPE = YES_ERROR;
				GCC_WARN_UNDECLARED_SELECTOR = YES;
				GCC_WARN_UNINITIALIZED_AUTOS = YES_AGGRESSIVE;
				GCC_WARN_UNUSED_FUNCTION = YES;
				GCC_WARN_UNUSED_VARIABLE = YES;
				MACOSX_DEPLOYMENT_TARGET = 13.3;
				MTL_ENABLE_DEBUG_INFO = INCLUDE_SOURCE;
				MTL_FAST_MATH = YES;
				ONLY_ACTIVE_ARCH = YES;
				SDKROOT = macosx;
				SWIFT_ACTIVE_COMPILATION_CONDITIONS = DEBUG;
				SWIFT_OPTIMIZATION_LEVEL = "-Onone";
			};
			name = Debug;
		};
		CE5ECF562957034D00E7BE7D /* Release */ = {
			isa = XCBuildConfiguration;
			buildSettings = {
				ALWAYS_SEARCH_USER_PATHS = NO;
				CLANG_ANALYZER_LOCALIZABILITY_NONLOCALIZED = YES;
				CLANG_ANALYZER_NONNULL = YES;
				CLANG_ANALYZER_NUMBER_OBJECT_CONVERSION = YES_AGGRESSIVE;
				CLANG_CXX_LANGUAGE_STANDARD = "gnu++20";
				CLANG_ENABLE_MODULES = YES;
				CLANG_ENABLE_OBJC_ARC = YES;
				CLANG_ENABLE_OBJC_WEAK = YES;
				CLANG_WARN_BLOCK_CAPTURE_AUTORELEASING = YES;
				CLANG_WARN_BOOL_CONVERSION = YES;
				CLANG_WARN_COMMA = YES;
				CLANG_WARN_CONSTANT_CONVERSION = YES;
				CLANG_WARN_DEPRECATED_OBJC_IMPLEMENTATIONS = YES;
				CLANG_WARN_DIRECT_OBJC_ISA_USAGE = YES_ERROR;
				CLANG_WARN_DOCUMENTATION_COMMENTS = YES;
				CLANG_WARN_EMPTY_BODY = YES;
				CLANG_WARN_ENUM_CONVERSION = YES;
				CLANG_WARN_INFINITE_RECURSION = YES;
				CLANG_WARN_INT_CONVERSION = YES;
				CLANG_WARN_NON_LITERAL_NULL_CONVERSION = YES;
				CLANG_WARN_OBJC_IMPLICIT_RETAIN_SELF = YES;
				CLANG_WARN_OBJC_LITERAL_CONVERSION = YES;
				CLANG_WARN_OBJC_ROOT_CLASS = YES_ERROR;
				CLANG_WARN_QUOTED_INCLUDE_IN_FRAMEWORK_HEADER = YES;
				CLANG_WARN_RANGE_LOOP_ANALYSIS = YES;
				CLANG_WARN_STRICT_PROTOTYPES = YES;
				CLANG_WARN_SUSPICIOUS_MOVE = YES;
				CLANG_WARN_UNGUARDED_AVAILABILITY = YES_AGGRESSIVE;
				CLANG_WARN_UNREACHABLE_CODE = YES;
				CLANG_WARN__DUPLICATE_METHOD_MATCH = YES;
				COPY_PHASE_STRIP = NO;
				DEAD_CODE_STRIPPING = YES;
				DEBUG_INFORMATION_FORMAT = "dwarf-with-dsym";
				ENABLE_NS_ASSERTIONS = NO;
				ENABLE_STRICT_OBJC_MSGSEND = YES;
				ENABLE_USER_SCRIPT_SANDBOXING = YES;
				GCC_C_LANGUAGE_STANDARD = gnu11;
				GCC_NO_COMMON_BLOCKS = YES;
				GCC_WARN_64_TO_32_BIT_CONVERSION = YES;
				GCC_WARN_ABOUT_RETURN_TYPE = YES_ERROR;
				GCC_WARN_UNDECLARED_SELECTOR = YES;
				GCC_WARN_UNINITIALIZED_AUTOS = YES_AGGRESSIVE;
				GCC_WARN_UNUSED_FUNCTION = YES;
				GCC_WARN_UNUSED_VARIABLE = YES;
				MACOSX_DEPLOYMENT_TARGET = 13.3;
				MTL_ENABLE_DEBUG_INFO = NO;
				MTL_FAST_MATH = YES;
				SDKROOT = macosx;
				SWIFT_COMPILATION_MODE = wholemodule;
				SWIFT_OPTIMIZATION_LEVEL = "-O";
			};
			name = Release;
		};
		CE5ECF582957034D00E7BE7D /* Debug */ = {
			isa = XCBuildConfiguration;
			buildSettings = {
				ASSETCATALOG_COMPILER_APPICON_NAME = AppIcon;
				ASSETCATALOG_COMPILER_GLOBAL_ACCENT_COLOR_NAME = AccentColor;
				CLANG_ENABLE_MODULES = YES;
				CODE_SIGN_ENTITLEMENTS = macSKK/macSKK.entitlements;
				CODE_SIGN_STYLE = Automatic;
				COMBINE_HIDPI_IMAGES = YES;
				CURRENT_PROJECT_VERSION = 50;
				DEAD_CODE_STRIPPING = YES;
				DEVELOPMENT_ASSET_PATHS = "\"macSKK/Preview Content\"";
				DEVELOPMENT_TEAM = W3A6B7FDC7;
				ENABLE_HARDENED_RUNTIME = NO;
				ENABLE_PREVIEWS = YES;
				GENERATE_INFOPLIST_FILE = YES;
				INFOPLIST_FILE = macSKK/Info.plist;
				INFOPLIST_KEY_NSHumanReadableCopyright = "";
				INSTALL_PATH = "$(LOCAL_LIBRARY_DIR)/Input Methods";
				LD_RUNPATH_SEARCH_PATHS = (
					"$(inherited)",
					"@executable_path/../Frameworks",
				);
				MARKETING_VERSION = 1.4.1;
				OTHER_SWIFT_FLAGS = "-enable-upcoming-feature ExistentialAny";
				PRODUCT_BUNDLE_IDENTIFIER = net.mtgto.inputmethod.macSKK;
				PRODUCT_NAME = "$(TARGET_NAME)";
				SWIFT_EMIT_LOC_STRINGS = YES;
				SWIFT_OBJC_BRIDGING_HEADER = "macSKK/macSKK-Bridging-Header.h";
				SWIFT_OPTIMIZATION_LEVEL = "-Onone";
				SWIFT_STRICT_CONCURRENCY = complete;
				SWIFT_VERSION = 5.0;
			};
			name = Debug;
		};
		CE5ECF592957034D00E7BE7D /* Release */ = {
			isa = XCBuildConfiguration;
			buildSettings = {
				ASSETCATALOG_COMPILER_APPICON_NAME = AppIcon;
				ASSETCATALOG_COMPILER_GLOBAL_ACCENT_COLOR_NAME = AccentColor;
				CLANG_ENABLE_MODULES = YES;
				CODE_SIGN_ENTITLEMENTS = macSKK/macSKK.entitlements;
				CODE_SIGN_STYLE = Automatic;
				COMBINE_HIDPI_IMAGES = YES;
				CURRENT_PROJECT_VERSION = 50;
				DEAD_CODE_STRIPPING = YES;
				DEVELOPMENT_ASSET_PATHS = "\"macSKK/Preview Content\"";
				DEVELOPMENT_TEAM = W3A6B7FDC7;
				ENABLE_HARDENED_RUNTIME = YES;
				ENABLE_PREVIEWS = YES;
				GENERATE_INFOPLIST_FILE = YES;
				INFOPLIST_FILE = macSKK/Info.plist;
				INFOPLIST_KEY_NSHumanReadableCopyright = "";
				INFOPLIST_PREPROCESS = YES;
				INSTALL_PATH = "$(LOCAL_LIBRARY_DIR)/Input Methods";
				LD_RUNPATH_SEARCH_PATHS = (
					"$(inherited)",
					"@executable_path/../Frameworks",
				);
				MARKETING_VERSION = 1.4.1;
				OTHER_SWIFT_FLAGS = "-enable-upcoming-feature ExistentialAny";
				PRODUCT_BUNDLE_IDENTIFIER = net.mtgto.inputmethod.macSKK;
				PRODUCT_NAME = "$(TARGET_NAME)";
				SWIFT_EMIT_LOC_STRINGS = YES;
				SWIFT_OBJC_BRIDGING_HEADER = "macSKK/macSKK-Bridging-Header.h";
				SWIFT_STRICT_CONCURRENCY = complete;
				SWIFT_VERSION = 5.0;
			};
			name = Release;
		};
		CE5ECF5B2957034D00E7BE7D /* Debug */ = {
			isa = XCBuildConfiguration;
			buildSettings = {
				BUNDLE_LOADER = "$(TEST_HOST)";
				CODE_SIGN_STYLE = Automatic;
				DEAD_CODE_STRIPPING = YES;
				DEVELOPMENT_TEAM = "";
				GENERATE_INFOPLIST_FILE = YES;
				MARKETING_VERSION = 1.0;
				PRODUCT_BUNDLE_IDENTIFIER = net.mtgto.inputmethod.macSKKTests;
				PRODUCT_NAME = "$(TARGET_NAME)";
				SWIFT_EMIT_LOC_STRINGS = NO;
				SWIFT_VERSION = 5.0;
				TEST_HOST = "$(BUILT_PRODUCTS_DIR)/macSKK.app/$(BUNDLE_EXECUTABLE_FOLDER_PATH)/macSKK";
			};
			name = Debug;
		};
		CE5ECF5C2957034D00E7BE7D /* Release */ = {
			isa = XCBuildConfiguration;
			buildSettings = {
				BUNDLE_LOADER = "$(TEST_HOST)";
				CODE_SIGN_STYLE = Automatic;
				DEAD_CODE_STRIPPING = YES;
				DEVELOPMENT_TEAM = "";
				GENERATE_INFOPLIST_FILE = YES;
				MARKETING_VERSION = 1.0;
				PRODUCT_BUNDLE_IDENTIFIER = net.mtgto.inputmethod.macSKKTests;
				PRODUCT_NAME = "$(TARGET_NAME)";
				SWIFT_EMIT_LOC_STRINGS = NO;
				SWIFT_VERSION = 5.0;
				TEST_HOST = "$(BUILT_PRODUCTS_DIR)/macSKK.app/$(BUNDLE_EXECUTABLE_FOLDER_PATH)/macSKK";
			};
			name = Release;
		};
		CED7CA372A8394F7004EF988 /* Debug */ = {
			isa = XCBuildConfiguration;
			buildSettings = {
				CODE_SIGN_ENTITLEMENTS = FetchUpdateService/FetchUpdateService.entitlements;
				CODE_SIGN_STYLE = Automatic;
				COMBINE_HIDPI_IMAGES = YES;
				DEVELOPMENT_TEAM = W3A6B7FDC7;
				GENERATE_INFOPLIST_FILE = YES;
				INFOPLIST_FILE = FetchUpdateService/Info.plist;
				INFOPLIST_KEY_CFBundleDisplayName = FetchUpdateService;
				INFOPLIST_KEY_NSHumanReadableCopyright = "";
				MARKETING_VERSION = 1.0;
				PRODUCT_BUNDLE_IDENTIFIER = net.mtgto.inputmethod.macSKK.FetchUpdateService;
				PRODUCT_NAME = "$(TARGET_NAME)";
				SKIP_INSTALL = YES;
				SWIFT_EMIT_LOC_STRINGS = YES;
				SWIFT_VERSION = 5.0;
			};
			name = Debug;
		};
		CED7CA382A8394F7004EF988 /* Release */ = {
			isa = XCBuildConfiguration;
			buildSettings = {
				CODE_SIGN_ENTITLEMENTS = FetchUpdateService/FetchUpdateService.entitlements;
				CODE_SIGN_STYLE = Automatic;
				COMBINE_HIDPI_IMAGES = YES;
				DEVELOPMENT_TEAM = "";
				GENERATE_INFOPLIST_FILE = YES;
				INFOPLIST_FILE = FetchUpdateService/Info.plist;
				INFOPLIST_KEY_CFBundleDisplayName = FetchUpdateService;
				INFOPLIST_KEY_NSHumanReadableCopyright = "";
				MARKETING_VERSION = 1.0;
				PRODUCT_BUNDLE_IDENTIFIER = net.mtgto.inputmethod.macSKK.FetchUpdateService;
				PRODUCT_NAME = "$(TARGET_NAME)";
				SKIP_INSTALL = YES;
				SWIFT_EMIT_LOC_STRINGS = YES;
				SWIFT_VERSION = 5.0;
			};
			name = Release;
		};
		CEF3D87E2B9EF0C000BD1D3A /* Debug */ = {
			isa = XCBuildConfiguration;
			buildSettings = {
				CODE_SIGN_ENTITLEMENTS = SKKServClient/SKKServClient.entitlements;
				CODE_SIGN_STYLE = Automatic;
				COMBINE_HIDPI_IMAGES = YES;
				DEVELOPMENT_TEAM = W3A6B7FDC7;
				GENERATE_INFOPLIST_FILE = YES;
				INFOPLIST_FILE = SKKServClient/Info.plist;
				INFOPLIST_KEY_CFBundleDisplayName = SKKServClient;
				INFOPLIST_KEY_NSHumanReadableCopyright = "";
				LOCALIZATION_PREFERS_STRING_CATALOGS = YES;
				MARKETING_VERSION = 1.0;
				PRODUCT_BUNDLE_IDENTIFIER = net.mtgto.inputmethod.macSKK.SKKServClient;
				PRODUCT_NAME = "$(TARGET_NAME)";
				SKIP_INSTALL = YES;
				SWIFT_EMIT_LOC_STRINGS = YES;
				SWIFT_VERSION = 5.0;
			};
			name = Debug;
		};
		CEF3D87F2B9EF0C000BD1D3A /* Release */ = {
			isa = XCBuildConfiguration;
			buildSettings = {
				CODE_SIGN_ENTITLEMENTS = SKKServClient/SKKServClient.entitlements;
				CODE_SIGN_STYLE = Automatic;
				COMBINE_HIDPI_IMAGES = YES;
				GENERATE_INFOPLIST_FILE = YES;
				INFOPLIST_FILE = SKKServClient/Info.plist;
				INFOPLIST_KEY_CFBundleDisplayName = SKKServClient;
				INFOPLIST_KEY_NSHumanReadableCopyright = "";
				LOCALIZATION_PREFERS_STRING_CATALOGS = YES;
				MARKETING_VERSION = 1.0;
				PRODUCT_BUNDLE_IDENTIFIER = net.mtgto.inputmethod.macSKK.SKKServClient;
				PRODUCT_NAME = "$(TARGET_NAME)";
				SKIP_INSTALL = YES;
				SWIFT_EMIT_LOC_STRINGS = YES;
				SWIFT_VERSION = 5.0;
			};
			name = Release;
		};
/* End XCBuildConfiguration section */

/* Begin XCConfigurationList section */
		CE5ECF2D2957034B00E7BE7D /* Build configuration list for PBXProject "macSKK" */ = {
			isa = XCConfigurationList;
			buildConfigurations = (
				CE5ECF552957034D00E7BE7D /* Debug */,
				CE5ECF562957034D00E7BE7D /* Release */,
			);
			defaultConfigurationIsVisible = 0;
			defaultConfigurationName = Release;
		};
		CE5ECF572957034D00E7BE7D /* Build configuration list for PBXNativeTarget "macSKK" */ = {
			isa = XCConfigurationList;
			buildConfigurations = (
				CE5ECF582957034D00E7BE7D /* Debug */,
				CE5ECF592957034D00E7BE7D /* Release */,
			);
			defaultConfigurationIsVisible = 0;
			defaultConfigurationName = Release;
		};
		CE5ECF5A2957034D00E7BE7D /* Build configuration list for PBXNativeTarget "macSKKTests" */ = {
			isa = XCConfigurationList;
			buildConfigurations = (
				CE5ECF5B2957034D00E7BE7D /* Debug */,
				CE5ECF5C2957034D00E7BE7D /* Release */,
			);
			defaultConfigurationIsVisible = 0;
			defaultConfigurationName = Release;
		};
		CED7CA362A8394F7004EF988 /* Build configuration list for PBXNativeTarget "FetchUpdateService" */ = {
			isa = XCConfigurationList;
			buildConfigurations = (
				CED7CA372A8394F7004EF988 /* Debug */,
				CED7CA382A8394F7004EF988 /* Release */,
			);
			defaultConfigurationIsVisible = 0;
			defaultConfigurationName = Release;
		};
		CEF3D8802B9EF0C000BD1D3A /* Build configuration list for PBXNativeTarget "SKKServClient" */ = {
			isa = XCConfigurationList;
			buildConfigurations = (
				CEF3D87E2B9EF0C000BD1D3A /* Debug */,
				CEF3D87F2B9EF0C000BD1D3A /* Release */,
			);
			defaultConfigurationIsVisible = 0;
			defaultConfigurationName = Release;
		};
/* End XCConfigurationList section */
	};
	rootObject = CE5ECF2A2957034B00E7BE7D /* Project object */;
}
